// !$*UTF8*$!
{
	archiveVersion = 1;
	classes = {
	};
	objectVersion = 50;
	objects = {

/* Begin PBXBuildFile section */
		55D12DDFEC582AE30C3BC6B3 /* Pods_WthereTests.framework in Frameworks */ = {isa = PBXBuildFile; fileRef = 641B9AA42F4451D1CF1DF05D /* Pods_WthereTests.framework */; };
		75039FB020A4658100FEDC5E /* AppDelegate.swift in Sources */ = {isa = PBXBuildFile; fileRef = 75039FAF20A4658100FEDC5E /* AppDelegate.swift */; };
		75039FB220A4658100FEDC5E /* ViewController.swift in Sources */ = {isa = PBXBuildFile; fileRef = 75039FB120A4658100FEDC5E /* ViewController.swift */; };
		75039FB520A4658100FEDC5E /* Main.storyboard in Resources */ = {isa = PBXBuildFile; fileRef = 75039FB320A4658100FEDC5E /* Main.storyboard */; };
		75039FB720A4658200FEDC5E /* Assets.xcassets in Resources */ = {isa = PBXBuildFile; fileRef = 75039FB620A4658200FEDC5E /* Assets.xcassets */; };
		75039FBA20A4658200FEDC5E /* LaunchScreen.storyboard in Resources */ = {isa = PBXBuildFile; fileRef = 75039FB820A4658200FEDC5E /* LaunchScreen.storyboard */; };
		757EBE5E20D3BE1E008527C3 /* NodeParameters.swift in Sources */ = {isa = PBXBuildFile; fileRef = 757EBE5D20D3BE1E008527C3 /* NodeParameters.swift */; };
		75A1EE5A20D0548900302DDE /* WthereTests.swift in Sources */ = {isa = PBXBuildFile; fileRef = 75A1EE5920D0548900302DDE /* WthereTests.swift */; };
		75A1EE6220D0555F00302DDE /* NodeFactory.swift in Sources */ = {isa = PBXBuildFile; fileRef = 75A1EE6120D0555F00302DDE /* NodeFactory.swift */; };
		75B449CB20C19D2300BBD659 /* BTSerialization.swift in Sources */ = {isa = PBXBuildFile; fileRef = 75B449CA20C19D2300BBD659 /* BTSerialization.swift */; };
		75B449CD20C1A10400BBD659 /* BTIdentifier.swift in Sources */ = {isa = PBXBuildFile; fileRef = 75B449CC20C1A10400BBD659 /* BTIdentifier.swift */; };
		75B449D020C1D76F00BBD659 /* UserListViewController.swift in Sources */ = {isa = PBXBuildFile; fileRef = 75B449CF20C1D76F00BBD659 /* UserListViewController.swift */; };
		75B449D220C1D77A00BBD659 /* UserListViewModel.swift in Sources */ = {isa = PBXBuildFile; fileRef = 75B449D120C1D77A00BBD659 /* UserListViewModel.swift */; };
		75B449D420C1D82C00BBD659 /* UserListCell.swift in Sources */ = {isa = PBXBuildFile; fileRef = 75B449D320C1D82C00BBD659 /* UserListCell.swift */; };
		75B449D620C414B800BBD659 /* BTRouter.swift in Sources */ = {isa = PBXBuildFile; fileRef = 75B449D520C414B800BBD659 /* BTRouter.swift */; };
		75D4D34520C7E51900F0CF5A /* BTRouteItem.swift in Sources */ = {isa = PBXBuildFile; fileRef = 75D4D34420C7E51900F0CF5A /* BTRouteItem.swift */; };
		75D64B8920B1C20B001AEFEF /* BTNode.swift in Sources */ = {isa = PBXBuildFile; fileRef = 75D64B8820B1C20B001AEFEF /* BTNode.swift */; };
		75D64B8B20B1C25A001AEFEF /* ChatViewController.swift in Sources */ = {isa = PBXBuildFile; fileRef = 75D64B8A20B1C25A001AEFEF /* ChatViewController.swift */; };
		75D64B8D20B1C267001AEFEF /* ChatViewModel.swift in Sources */ = {isa = PBXBuildFile; fileRef = 75D64B8C20B1C267001AEFEF /* ChatViewModel.swift */; };
		75D64B8F20B1C5A3001AEFEF /* Sorage.swift in Sources */ = {isa = PBXBuildFile; fileRef = 75D64B8E20B1C5A3001AEFEF /* Sorage.swift */; };
		75D64B9120B1CA1D001AEFEF /* ChatCell.swift in Sources */ = {isa = PBXBuildFile; fileRef = 75D64B9020B1CA1D001AEFEF /* ChatCell.swift */; };
		75D64B9320B21817001AEFEF /* Message.swift in Sources */ = {isa = PBXBuildFile; fileRef = 75D64B9220B21817001AEFEF /* Message.swift */; };
		75D64B9920B23215001AEFEF /* BaseViewController.swift in Sources */ = {isa = PBXBuildFile; fileRef = 75D64B9820B23215001AEFEF /* BaseViewController.swift */; };
		75D64B9C20B2B352001AEFEF /* Date+Extensions.swift in Sources */ = {isa = PBXBuildFile; fileRef = 75D64B9B20B2B352001AEFEF /* Date+Extensions.swift */; };
		75D64B9E20B3FB60001AEFEF /* BTBorder.swift in Sources */ = {isa = PBXBuildFile; fileRef = 75D64B9D20B3FB60001AEFEF /* BTBorder.swift */; };
		75E1C32920AC9FB2008E57DE /* BTCentralManager.swift in Sources */ = {isa = PBXBuildFile; fileRef = 75E1C32820AC9FB2008E57DE /* BTCentralManager.swift */; };
		75E1C32B20AC9FBF008E57DE /* BTPeripheralManager.swift in Sources */ = {isa = PBXBuildFile; fileRef = 75E1C32A20AC9FBF008E57DE /* BTPeripheralManager.swift */; };
		75E1C32D20ACCAB5008E57DE /* BTConstants.swift in Sources */ = {isa = PBXBuildFile; fileRef = 75E1C32C20ACCAB5008E57DE /* BTConstants.swift */; };
		75E62B4D20C17BD2008C21C3 /* User.swift in Sources */ = {isa = PBXBuildFile; fileRef = 75E62B4C20C17BD2008C21C3 /* User.swift */; };
		75E62B4F20C1806E008C21C3 /* Data+Extensions.swift in Sources */ = {isa = PBXBuildFile; fileRef = 75E62B4E20C1806E008C21C3 /* Data+Extensions.swift */; };
		B2C81E6A7195E53DFF1E32C8 /* Pods_Wthere.framework in Frameworks */ = {isa = PBXBuildFile; fileRef = 01465145392443F9E5D3878E /* Pods_Wthere.framework */; };
/* End PBXBuildFile section */

/* Begin PBXContainerItemProxy section */
		75A1EE5C20D0548900302DDE /* PBXContainerItemProxy */ = {
			isa = PBXContainerItemProxy;
			containerPortal = 75039FA420A4658100FEDC5E /* Project object */;
			proxyType = 1;
			remoteGlobalIDString = 75039FAB20A4658100FEDC5E;
			remoteInfo = Wthere;
		};
/* End PBXContainerItemProxy section */

/* Begin PBXFileReference section */
		01465145392443F9E5D3878E /* Pods_Wthere.framework */ = {isa = PBXFileReference; explicitFileType = wrapper.framework; includeInIndex = 0; path = Pods_Wthere.framework; sourceTree = BUILT_PRODUCTS_DIR; };
		641B9AA42F4451D1CF1DF05D /* Pods_WthereTests.framework */ = {isa = PBXFileReference; explicitFileType = wrapper.framework; includeInIndex = 0; path = Pods_WthereTests.framework; sourceTree = BUILT_PRODUCTS_DIR; };
		667DE4B10BC01FC6AA2764E8 /* Pods-Wthere.release.xcconfig */ = {isa = PBXFileReference; includeInIndex = 1; lastKnownFileType = text.xcconfig; name = "Pods-Wthere.release.xcconfig"; path = "Pods/Target Support Files/Pods-Wthere/Pods-Wthere.release.xcconfig"; sourceTree = "<group>"; };
		71C98E85C3BE5CDA5F67A9DF /* Pods-Wthere.debug.xcconfig */ = {isa = PBXFileReference; includeInIndex = 1; lastKnownFileType = text.xcconfig; name = "Pods-Wthere.debug.xcconfig"; path = "Pods/Target Support Files/Pods-Wthere/Pods-Wthere.debug.xcconfig"; sourceTree = "<group>"; };
		75039FAC20A4658100FEDC5E /* Wthere.app */ = {isa = PBXFileReference; explicitFileType = wrapper.application; includeInIndex = 0; path = Wthere.app; sourceTree = BUILT_PRODUCTS_DIR; };
		75039FAF20A4658100FEDC5E /* AppDelegate.swift */ = {isa = PBXFileReference; lastKnownFileType = sourcecode.swift; path = AppDelegate.swift; sourceTree = "<group>"; };
		75039FB120A4658100FEDC5E /* ViewController.swift */ = {isa = PBXFileReference; lastKnownFileType = sourcecode.swift; path = ViewController.swift; sourceTree = "<group>"; };
		75039FB420A4658100FEDC5E /* Base */ = {isa = PBXFileReference; lastKnownFileType = file.storyboard; name = Base; path = Base.lproj/Main.storyboard; sourceTree = "<group>"; };
		75039FB620A4658200FEDC5E /* Assets.xcassets */ = {isa = PBXFileReference; lastKnownFileType = folder.assetcatalog; path = Assets.xcassets; sourceTree = "<group>"; };
		75039FB920A4658200FEDC5E /* Base */ = {isa = PBXFileReference; lastKnownFileType = file.storyboard; name = Base; path = Base.lproj/LaunchScreen.storyboard; sourceTree = "<group>"; };
		75039FBB20A4658200FEDC5E /* Info.plist */ = {isa = PBXFileReference; lastKnownFileType = text.plist.xml; path = Info.plist; sourceTree = "<group>"; };
		7556DDBA8E4E12319015F040 /* Pods-WthereTests.debug.xcconfig */ = {isa = PBXFileReference; includeInIndex = 1; lastKnownFileType = text.xcconfig; name = "Pods-WthereTests.debug.xcconfig"; path = "Pods/Target Support Files/Pods-WthereTests/Pods-WthereTests.debug.xcconfig"; sourceTree = "<group>"; };
		757EBE5D20D3BE1E008527C3 /* NodeParameters.swift */ = {isa = PBXFileReference; lastKnownFileType = sourcecode.swift; path = NodeParameters.swift; sourceTree = "<group>"; };
		75A1EE5720D0548800302DDE /* WthereTests.xctest */ = {isa = PBXFileReference; explicitFileType = wrapper.cfbundle; includeInIndex = 0; path = WthereTests.xctest; sourceTree = BUILT_PRODUCTS_DIR; };
		75A1EE5920D0548900302DDE /* WthereTests.swift */ = {isa = PBXFileReference; lastKnownFileType = sourcecode.swift; path = WthereTests.swift; sourceTree = "<group>"; };
		75A1EE5B20D0548900302DDE /* Info.plist */ = {isa = PBXFileReference; lastKnownFileType = text.plist.xml; path = Info.plist; sourceTree = "<group>"; };
		75A1EE6120D0555F00302DDE /* NodeFactory.swift */ = {isa = PBXFileReference; lastKnownFileType = sourcecode.swift; path = NodeFactory.swift; sourceTree = "<group>"; };
		75B449CA20C19D2300BBD659 /* BTSerialization.swift */ = {isa = PBXFileReference; lastKnownFileType = sourcecode.swift; path = BTSerialization.swift; sourceTree = "<group>"; };
		75B449CC20C1A10400BBD659 /* BTIdentifier.swift */ = {isa = PBXFileReference; lastKnownFileType = sourcecode.swift; path = BTIdentifier.swift; sourceTree = "<group>"; };
		75B449CF20C1D76F00BBD659 /* UserListViewController.swift */ = {isa = PBXFileReference; lastKnownFileType = sourcecode.swift; path = UserListViewController.swift; sourceTree = "<group>"; };
		75B449D120C1D77A00BBD659 /* UserListViewModel.swift */ = {isa = PBXFileReference; lastKnownFileType = sourcecode.swift; path = UserListViewModel.swift; sourceTree = "<group>"; };
		75B449D320C1D82C00BBD659 /* UserListCell.swift */ = {isa = PBXFileReference; lastKnownFileType = sourcecode.swift; path = UserListCell.swift; sourceTree = "<group>"; };
		75B449D520C414B800BBD659 /* BTRouter.swift */ = {isa = PBXFileReference; lastKnownFileType = sourcecode.swift; path = BTRouter.swift; sourceTree = "<group>"; };
		75D4D34420C7E51900F0CF5A /* BTRouteItem.swift */ = {isa = PBXFileReference; lastKnownFileType = sourcecode.swift; path = BTRouteItem.swift; sourceTree = "<group>"; };
		75D64B8820B1C20B001AEFEF /* BTNode.swift */ = {isa = PBXFileReference; lastKnownFileType = sourcecode.swift; path = BTNode.swift; sourceTree = "<group>"; };
		75D64B8A20B1C25A001AEFEF /* ChatViewController.swift */ = {isa = PBXFileReference; lastKnownFileType = sourcecode.swift; path = ChatViewController.swift; sourceTree = "<group>"; };
		75D64B8C20B1C267001AEFEF /* ChatViewModel.swift */ = {isa = PBXFileReference; lastKnownFileType = sourcecode.swift; path = ChatViewModel.swift; sourceTree = "<group>"; };
		75D64B8E20B1C5A3001AEFEF /* Sorage.swift */ = {isa = PBXFileReference; lastKnownFileType = sourcecode.swift; path = Sorage.swift; sourceTree = "<group>"; };
		75D64B9020B1CA1D001AEFEF /* ChatCell.swift */ = {isa = PBXFileReference; lastKnownFileType = sourcecode.swift; path = ChatCell.swift; sourceTree = "<group>"; };
		75D64B9220B21817001AEFEF /* Message.swift */ = {isa = PBXFileReference; lastKnownFileType = sourcecode.swift; path = Message.swift; sourceTree = "<group>"; };
		75D64B9820B23215001AEFEF /* BaseViewController.swift */ = {isa = PBXFileReference; lastKnownFileType = sourcecode.swift; path = BaseViewController.swift; sourceTree = "<group>"; };
		75D64B9B20B2B352001AEFEF /* Date+Extensions.swift */ = {isa = PBXFileReference; lastKnownFileType = sourcecode.swift; path = "Date+Extensions.swift"; sourceTree = "<group>"; };
		75D64B9D20B3FB60001AEFEF /* BTBorder.swift */ = {isa = PBXFileReference; lastKnownFileType = sourcecode.swift; path = BTBorder.swift; sourceTree = "<group>"; };
		75E1C32820AC9FB2008E57DE /* BTCentralManager.swift */ = {isa = PBXFileReference; lastKnownFileType = sourcecode.swift; path = BTCentralManager.swift; sourceTree = "<group>"; };
		75E1C32A20AC9FBF008E57DE /* BTPeripheralManager.swift */ = {isa = PBXFileReference; lastKnownFileType = sourcecode.swift; path = BTPeripheralManager.swift; sourceTree = "<group>"; };
		75E1C32C20ACCAB5008E57DE /* BTConstants.swift */ = {isa = PBXFileReference; lastKnownFileType = sourcecode.swift; path = BTConstants.swift; sourceTree = "<group>"; };
		75E62B4C20C17BD2008C21C3 /* User.swift */ = {isa = PBXFileReference; lastKnownFileType = sourcecode.swift; path = User.swift; sourceTree = "<group>"; };
		75E62B4E20C1806E008C21C3 /* Data+Extensions.swift */ = {isa = PBXFileReference; lastKnownFileType = sourcecode.swift; path = "Data+Extensions.swift"; sourceTree = "<group>"; };
		8781BBDFFE1F3C656C5CCF3E /* Pods-WthereTests.release.xcconfig */ = {isa = PBXFileReference; includeInIndex = 1; lastKnownFileType = text.xcconfig; name = "Pods-WthereTests.release.xcconfig"; path = "Pods/Target Support Files/Pods-WthereTests/Pods-WthereTests.release.xcconfig"; sourceTree = "<group>"; };
/* End PBXFileReference section */

/* Begin PBXFrameworksBuildPhase section */
		75039FA920A4658100FEDC5E /* Frameworks */ = {
			isa = PBXFrameworksBuildPhase;
			buildActionMask = 2147483647;
			files = (
				B2C81E6A7195E53DFF1E32C8 /* Pods_Wthere.framework in Frameworks */,
			);
			runOnlyForDeploymentPostprocessing = 0;
		};
		75A1EE5420D0548800302DDE /* Frameworks */ = {
			isa = PBXFrameworksBuildPhase;
			buildActionMask = 2147483647;
			files = (
				55D12DDFEC582AE30C3BC6B3 /* Pods_WthereTests.framework in Frameworks */,
			);
			runOnlyForDeploymentPostprocessing = 0;
		};
/* End PBXFrameworksBuildPhase section */

/* Begin PBXGroup section */
		75039FA320A4658100FEDC5E = {
			isa = PBXGroup;
			children = (
				75039FAE20A4658100FEDC5E /* Wthere */,
				75A1EE5820D0548900302DDE /* WthereTests */,
				75039FAD20A4658100FEDC5E /* Products */,
				E446114E6E7248716D97077C /* Pods */,
				A6890D059B3E1DBA23DCF8C1 /* Frameworks */,
			);
			sourceTree = "<group>";
		};
		75039FAD20A4658100FEDC5E /* Products */ = {
			isa = PBXGroup;
			children = (
				75039FAC20A4658100FEDC5E /* Wthere.app */,
				75A1EE5720D0548800302DDE /* WthereTests.xctest */,
			);
			name = Products;
			sourceTree = "<group>";
		};
		75039FAE20A4658100FEDC5E /* Wthere */ = {
			isa = PBXGroup;
			children = (
				75D64B9A20B2B341001AEFEF /* Extensions */,
				75D64B8520B1C1E0001AEFEF /* BTMesh */,
				75D64B8720B1C1F2001AEFEF /* Model */,
				75D64B8620B1C1ED001AEFEF /* UI */,
				75039FAF20A4658100FEDC5E /* AppDelegate.swift */,
				75039FB120A4658100FEDC5E /* ViewController.swift */,
				75039FB320A4658100FEDC5E /* Main.storyboard */,
				75039FB620A4658200FEDC5E /* Assets.xcassets */,
				75039FB820A4658200FEDC5E /* LaunchScreen.storyboard */,
				75039FBB20A4658200FEDC5E /* Info.plist */,
			);
			path = Wthere;
			sourceTree = "<group>";
		};
		75A1EE5820D0548900302DDE /* WthereTests */ = {
			isa = PBXGroup;
			children = (
				75A1EE6320D0556600302DDE /* Utils */,
				75A1EE5920D0548900302DDE /* WthereTests.swift */,
				75A1EE5B20D0548900302DDE /* Info.plist */,
			);
			path = WthereTests;
			sourceTree = "<group>";
		};
		75A1EE6320D0556600302DDE /* Utils */ = {
			isa = PBXGroup;
			children = (
				75A1EE6120D0555F00302DDE /* NodeFactory.swift */,
				757EBE5D20D3BE1E008527C3 /* NodeParameters.swift */,
			);
			path = Utils;
			sourceTree = "<group>";
		};
		75B449CE20C1D74900BBD659 /* UserList */ = {
			isa = PBXGroup;
			children = (
				75B449CF20C1D76F00BBD659 /* UserListViewController.swift */,
				75B449D120C1D77A00BBD659 /* UserListViewModel.swift */,
				75B449D320C1D82C00BBD659 /* UserListCell.swift */,
			);
			path = UserList;
			sourceTree = "<group>";
		};
		75B449D720C42A0E00BBD659 /* Border */ = {
			isa = PBXGroup;
			children = (
				75E1C32820AC9FB2008E57DE /* BTCentralManager.swift */,
				75E1C32A20AC9FBF008E57DE /* BTPeripheralManager.swift */,
				75B449CA20C19D2300BBD659 /* BTSerialization.swift */,
				75B449CC20C1A10400BBD659 /* BTIdentifier.swift */,
				75D64B9D20B3FB60001AEFEF /* BTBorder.swift */,
			);
			path = Border;
			sourceTree = "<group>";
		};
		75D64B8520B1C1E0001AEFEF /* BTMesh */ = {
			isa = PBXGroup;
			children = (
				75E1C32C20ACCAB5008E57DE /* BTConstants.swift */,
				75D64B8820B1C20B001AEFEF /* BTNode.swift */,
				75B449D720C42A0E00BBD659 /* Border */,
				75E198DE20C4618B00EC94C7 /* Router */,
			);
			path = BTMesh;
			sourceTree = "<group>";
		};
		75D64B8620B1C1ED001AEFEF /* UI */ = {
			isa = PBXGroup;
			children = (
				75D64B9720B23202001AEFEF /* BaseClasses */,
				75B449CE20C1D74900BBD659 /* UserList */,
				75D64B9420B21942001AEFEF /* Chat */,
			);
			path = UI;
			sourceTree = "<group>";
		};
		75D64B8720B1C1F2001AEFEF /* Model */ = {
			isa = PBXGroup;
			children = (
				75D64B8E20B1C5A3001AEFEF /* Sorage.swift */,
				75D64B9220B21817001AEFEF /* Message.swift */,
				75E62B4C20C17BD2008C21C3 /* User.swift */,
			);
			path = Model;
			sourceTree = "<group>";
		};
		75D64B9420B21942001AEFEF /* Chat */ = {
			isa = PBXGroup;
			children = (
				75D64B8A20B1C25A001AEFEF /* ChatViewController.swift */,
				75D64B8C20B1C267001AEFEF /* ChatViewModel.swift */,
				75D64B9020B1CA1D001AEFEF /* ChatCell.swift */,
			);
			path = Chat;
			sourceTree = "<group>";
		};
		75D64B9720B23202001AEFEF /* BaseClasses */ = {
			isa = PBXGroup;
			children = (
				75D64B9820B23215001AEFEF /* BaseViewController.swift */,
			);
			path = BaseClasses;
			sourceTree = "<group>";
		};
		75D64B9A20B2B341001AEFEF /* Extensions */ = {
			isa = PBXGroup;
			children = (
				75D64B9B20B2B352001AEFEF /* Date+Extensions.swift */,
				75E62B4E20C1806E008C21C3 /* Data+Extensions.swift */,
			);
			path = Extensions;
			sourceTree = "<group>";
		};
		75E198DE20C4618B00EC94C7 /* Router */ = {
			isa = PBXGroup;
			children = (
				75B449D520C414B800BBD659 /* BTRouter.swift */,
				75D4D34420C7E51900F0CF5A /* BTRouteItem.swift */,
			);
			path = Router;
			sourceTree = "<group>";
		};
		A6890D059B3E1DBA23DCF8C1 /* Frameworks */ = {
			isa = PBXGroup;
			children = (
				01465145392443F9E5D3878E /* Pods_Wthere.framework */,
				641B9AA42F4451D1CF1DF05D /* Pods_WthereTests.framework */,
			);
			name = Frameworks;
			sourceTree = "<group>";
		};
		E446114E6E7248716D97077C /* Pods */ = {
			isa = PBXGroup;
			children = (
				71C98E85C3BE5CDA5F67A9DF /* Pods-Wthere.debug.xcconfig */,
				667DE4B10BC01FC6AA2764E8 /* Pods-Wthere.release.xcconfig */,
				7556DDBA8E4E12319015F040 /* Pods-WthereTests.debug.xcconfig */,
				8781BBDFFE1F3C656C5CCF3E /* Pods-WthereTests.release.xcconfig */,
			);
			name = Pods;
			sourceTree = "<group>";
		};
/* End PBXGroup section */

/* Begin PBXNativeTarget section */
		75039FAB20A4658100FEDC5E /* Wthere */ = {
			isa = PBXNativeTarget;
			buildConfigurationList = 75039FBE20A4658200FEDC5E /* Build configuration list for PBXNativeTarget "Wthere" */;
			buildPhases = (
				7FE13C25BD2CF081F1973701 /* [CP] Check Pods Manifest.lock */,
				75039FA820A4658100FEDC5E /* Sources */,
				75039FA920A4658100FEDC5E /* Frameworks */,
				75039FAA20A4658100FEDC5E /* Resources */,
				305C53386173A5FEE860DE79 /* [CP] Embed Pods Frameworks */,
				3E16298A888B9B53F08B0749 /* [CP] Copy Pods Resources */,
			);
			buildRules = (
			);
			dependencies = (
			);
			name = Wthere;
			productName = Wthere;
			productReference = 75039FAC20A4658100FEDC5E /* Wthere.app */;
			productType = "com.apple.product-type.application";
		};
		75A1EE5620D0548800302DDE /* WthereTests */ = {
			isa = PBXNativeTarget;
			buildConfigurationList = 75A1EE6020D0548900302DDE /* Build configuration list for PBXNativeTarget "WthereTests" */;
			buildPhases = (
				F40B33E436073A45A6AF1361 /* [CP] Check Pods Manifest.lock */,
				75A1EE5320D0548800302DDE /* Sources */,
				75A1EE5420D0548800302DDE /* Frameworks */,
				75A1EE5520D0548800302DDE /* Resources */,
				526B65C3047053BF151D29B7 /* [CP] Embed Pods Frameworks */,
				1D41E2BC52AD3FBA6BA4D7C4 /* [CP] Copy Pods Resources */,
			);
			buildRules = (
			);
			dependencies = (
				75A1EE5D20D0548900302DDE /* PBXTargetDependency */,
			);
			name = WthereTests;
			productName = WthereTests;
			productReference = 75A1EE5720D0548800302DDE /* WthereTests.xctest */;
			productType = "com.apple.product-type.bundle.unit-test";
		};
/* End PBXNativeTarget section */

/* Begin PBXProject section */
		75039FA420A4658100FEDC5E /* Project object */ = {
			isa = PBXProject;
			attributes = {
				LastSwiftUpdateCheck = 0940;
				LastUpgradeCheck = 0930;
				ORGANIZATIONNAME = BLE;
				TargetAttributes = {
					75039FAB20A4658100FEDC5E = {
						CreatedOnToolsVersion = 9.3;
						SystemCapabilities = {
							com.apple.BackgroundModes = {
								enabled = 1;
							};
						};
					};
					75A1EE5620D0548800302DDE = {
						CreatedOnToolsVersion = 9.4;
						TestTargetID = 75039FAB20A4658100FEDC5E;
					};
				};
			};
			buildConfigurationList = 75039FA720A4658100FEDC5E /* Build configuration list for PBXProject "Wthere" */;
			compatibilityVersion = "Xcode 9.3";
			developmentRegion = en;
			hasScannedForEncodings = 0;
			knownRegions = (
				en,
				Base,
			);
			mainGroup = 75039FA320A4658100FEDC5E;
			productRefGroup = 75039FAD20A4658100FEDC5E /* Products */;
			projectDirPath = "";
			projectRoot = "";
			targets = (
				75039FAB20A4658100FEDC5E /* Wthere */,
				75A1EE5620D0548800302DDE /* WthereTests */,
			);
		};
/* End PBXProject section */

/* Begin PBXResourcesBuildPhase section */
		75039FAA20A4658100FEDC5E /* Resources */ = {
			isa = PBXResourcesBuildPhase;
			buildActionMask = 2147483647;
			files = (
				75039FBA20A4658200FEDC5E /* LaunchScreen.storyboard in Resources */,
				75039FB720A4658200FEDC5E /* Assets.xcassets in Resources */,
				75039FB520A4658100FEDC5E /* Main.storyboard in Resources */,
			);
			runOnlyForDeploymentPostprocessing = 0;
		};
		75A1EE5520D0548800302DDE /* Resources */ = {
			isa = PBXResourcesBuildPhase;
			buildActionMask = 2147483647;
			files = (
			);
			runOnlyForDeploymentPostprocessing = 0;
		};
/* End PBXResourcesBuildPhase section */

/* Begin PBXShellScriptBuildPhase section */
		1D41E2BC52AD3FBA6BA4D7C4 /* [CP] Copy Pods Resources */ = {
			isa = PBXShellScriptBuildPhase;
			buildActionMask = 2147483647;
			files = (
			);
			inputPaths = (
			);
			name = "[CP] Copy Pods Resources";
			outputPaths = (
			);
			runOnlyForDeploymentPostprocessing = 0;
			shellPath = /bin/sh;
			shellScript = "\"${SRCROOT}/Pods/Target Support Files/Pods-WthereTests/Pods-WthereTests-resources.sh\"\n";
			showEnvVarsInLog = 0;
		};
		305C53386173A5FEE860DE79 /* [CP] Embed Pods Frameworks */ = {
			isa = PBXShellScriptBuildPhase;
			buildActionMask = 2147483647;
			files = (
			);
			inputPaths = (
				"${SRCROOT}/Pods/Target Support Files/Pods-Wthere/Pods-Wthere-frameworks.sh",
				"${BUILT_PRODUCTS_DIR}/RxCocoa-iOS11.3/RxCocoa.framework",
				"${BUILT_PRODUCTS_DIR}/RxSwift-iOS11.3/RxSwift.framework",
			);
			name = "[CP] Embed Pods Frameworks";
			outputPaths = (
				"${TARGET_BUILD_DIR}/${FRAMEWORKS_FOLDER_PATH}/RxCocoa.framework",
				"${TARGET_BUILD_DIR}/${FRAMEWORKS_FOLDER_PATH}/RxSwift.framework",
			);
			runOnlyForDeploymentPostprocessing = 0;
			shellPath = /bin/sh;
			shellScript = "\"${SRCROOT}/Pods/Target Support Files/Pods-Wthere/Pods-Wthere-frameworks.sh\"\n";
			showEnvVarsInLog = 0;
		};
		3E16298A888B9B53F08B0749 /* [CP] Copy Pods Resources */ = {
			isa = PBXShellScriptBuildPhase;
			buildActionMask = 2147483647;
			files = (
			);
			inputPaths = (
			);
			name = "[CP] Copy Pods Resources";
			outputPaths = (
			);
			runOnlyForDeploymentPostprocessing = 0;
			shellPath = /bin/sh;
			shellScript = "\"${SRCROOT}/Pods/Target Support Files/Pods-Wthere/Pods-Wthere-resources.sh\"\n";
			showEnvVarsInLog = 0;
		};
		526B65C3047053BF151D29B7 /* [CP] Embed Pods Frameworks */ = {
			isa = PBXShellScriptBuildPhase;
			buildActionMask = 2147483647;
			files = (
			);
			inputPaths = (
				"${SRCROOT}/Pods/Target Support Files/Pods-WthereTests/Pods-WthereTests-frameworks.sh",
				"${BUILT_PRODUCTS_DIR}/RxCocoa-iOS11.4/RxCocoa.framework",
				"${BUILT_PRODUCTS_DIR}/RxSwift-iOS11.4/RxSwift.framework",
			);
			name = "[CP] Embed Pods Frameworks";
			outputPaths = (
				"${TARGET_BUILD_DIR}/${FRAMEWORKS_FOLDER_PATH}/RxCocoa.framework",
				"${TARGET_BUILD_DIR}/${FRAMEWORKS_FOLDER_PATH}/RxSwift.framework",
			);
			runOnlyForDeploymentPostprocessing = 0;
			shellPath = /bin/sh;
			shellScript = "\"${SRCROOT}/Pods/Target Support Files/Pods-WthereTests/Pods-WthereTests-frameworks.sh\"\n";
			showEnvVarsInLog = 0;
		};
		7FE13C25BD2CF081F1973701 /* [CP] Check Pods Manifest.lock */ = {
			isa = PBXShellScriptBuildPhase;
			buildActionMask = 2147483647;
			files = (
			);
			inputPaths = (
				"${PODS_PODFILE_DIR_PATH}/Podfile.lock",
				"${PODS_ROOT}/Manifest.lock",
			);
			name = "[CP] Check Pods Manifest.lock";
			outputPaths = (
				"$(DERIVED_FILE_DIR)/Pods-Wthere-checkManifestLockResult.txt",
			);
			runOnlyForDeploymentPostprocessing = 0;
			shellPath = /bin/sh;
			shellScript = "diff \"${PODS_PODFILE_DIR_PATH}/Podfile.lock\" \"${PODS_ROOT}/Manifest.lock\" > /dev/null\nif [ $? != 0 ] ; then\n    # print error to STDERR\n    echo \"error: The sandbox is not in sync with the Podfile.lock. Run 'pod install' or update your CocoaPods installation.\" >&2\n    exit 1\nfi\n# This output is used by Xcode 'outputs' to avoid re-running this script phase.\necho \"SUCCESS\" > \"${SCRIPT_OUTPUT_FILE_0}\"\n";
			showEnvVarsInLog = 0;
		};
		F40B33E436073A45A6AF1361 /* [CP] Check Pods Manifest.lock */ = {
			isa = PBXShellScriptBuildPhase;
			buildActionMask = 2147483647;
			files = (
			);
			inputPaths = (
				"${PODS_PODFILE_DIR_PATH}/Podfile.lock",
				"${PODS_ROOT}/Manifest.lock",
			);
			name = "[CP] Check Pods Manifest.lock";
			outputPaths = (
				"$(DERIVED_FILE_DIR)/Pods-WthereTests-checkManifestLockResult.txt",
			);
			runOnlyForDeploymentPostprocessing = 0;
			shellPath = /bin/sh;
			shellScript = "diff \"${PODS_PODFILE_DIR_PATH}/Podfile.lock\" \"${PODS_ROOT}/Manifest.lock\" > /dev/null\nif [ $? != 0 ] ; then\n    # print error to STDERR\n    echo \"error: The sandbox is not in sync with the Podfile.lock. Run 'pod install' or update your CocoaPods installation.\" >&2\n    exit 1\nfi\n# This output is used by Xcode 'outputs' to avoid re-running this script phase.\necho \"SUCCESS\" > \"${SCRIPT_OUTPUT_FILE_0}\"\n";
			showEnvVarsInLog = 0;
		};
/* End PBXShellScriptBuildPhase section */

/* Begin PBXSourcesBuildPhase section */
		75039FA820A4658100FEDC5E /* Sources */ = {
			isa = PBXSourcesBuildPhase;
			buildActionMask = 2147483647;
			files = (
				75D64B9920B23215001AEFEF /* BaseViewController.swift in Sources */,
				75039FB220A4658100FEDC5E /* ViewController.swift in Sources */,
				75E1C32B20AC9FBF008E57DE /* BTPeripheralManager.swift in Sources */,
				75D64B8D20B1C267001AEFEF /* ChatViewModel.swift in Sources */,
				75E62B4D20C17BD2008C21C3 /* User.swift in Sources */,
				75B449D020C1D76F00BBD659 /* UserListViewController.swift in Sources */,
				75D64B9120B1CA1D001AEFEF /* ChatCell.swift in Sources */,
				75D4D34520C7E51900F0CF5A /* BTRouteItem.swift in Sources */,
				75D64B8920B1C20B001AEFEF /* BTNode.swift in Sources */,
				75D64B8F20B1C5A3001AEFEF /* Sorage.swift in Sources */,
				75B449CD20C1A10400BBD659 /* BTIdentifier.swift in Sources */,
				75D64B9320B21817001AEFEF /* Message.swift in Sources */,
				75D64B9C20B2B352001AEFEF /* Date+Extensions.swift in Sources */,
				75D64B9E20B3FB60001AEFEF /* BTBorder.swift in Sources */,
				75B449CB20C19D2300BBD659 /* BTSerialization.swift in Sources */,
				75D64B8B20B1C25A001AEFEF /* ChatViewController.swift in Sources */,
				75B449D220C1D77A00BBD659 /* UserListViewModel.swift in Sources */,
				75E62B4F20C1806E008C21C3 /* Data+Extensions.swift in Sources */,
				75B449D420C1D82C00BBD659 /* UserListCell.swift in Sources */,
				75B449D620C414B800BBD659 /* BTRouter.swift in Sources */,
				75039FB020A4658100FEDC5E /* AppDelegate.swift in Sources */,
				75E1C32D20ACCAB5008E57DE /* BTConstants.swift in Sources */,
				75E1C32920AC9FB2008E57DE /* BTCentralManager.swift in Sources */,
			);
			runOnlyForDeploymentPostprocessing = 0;
		};
		75A1EE5320D0548800302DDE /* Sources */ = {
			isa = PBXSourcesBuildPhase;
			buildActionMask = 2147483647;
			files = (
				757EBE5E20D3BE1E008527C3 /* NodeParameters.swift in Sources */,
				75A1EE6220D0555F00302DDE /* NodeFactory.swift in Sources */,
				75A1EE5A20D0548900302DDE /* WthereTests.swift in Sources */,
			);
			runOnlyForDeploymentPostprocessing = 0;
		};
/* End PBXSourcesBuildPhase section */

/* Begin PBXTargetDependency section */
		75A1EE5D20D0548900302DDE /* PBXTargetDependency */ = {
			isa = PBXTargetDependency;
			target = 75039FAB20A4658100FEDC5E /* Wthere */;
			targetProxy = 75A1EE5C20D0548900302DDE /* PBXContainerItemProxy */;
		};
/* End PBXTargetDependency section */

/* Begin PBXVariantGroup section */
		75039FB320A4658100FEDC5E /* Main.storyboard */ = {
			isa = PBXVariantGroup;
			children = (
				75039FB420A4658100FEDC5E /* Base */,
			);
			name = Main.storyboard;
			sourceTree = "<group>";
		};
		75039FB820A4658200FEDC5E /* LaunchScreen.storyboard */ = {
			isa = PBXVariantGroup;
			children = (
				75039FB920A4658200FEDC5E /* Base */,
			);
			name = LaunchScreen.storyboard;
			sourceTree = "<group>";
		};
/* End PBXVariantGroup section */

/* Begin XCBuildConfiguration section */
		75039FBC20A4658200FEDC5E /* Debug */ = {
			isa = XCBuildConfiguration;
			buildSettings = {
				ALWAYS_SEARCH_USER_PATHS = NO;
				CLANG_ANALYZER_NONNULL = YES;
				CLANG_ANALYZER_NUMBER_OBJECT_CONVERSION = YES_AGGRESSIVE;
				CLANG_CXX_LANGUAGE_STANDARD = "gnu++14";
				CLANG_CXX_LIBRARY = "libc++";
				CLANG_ENABLE_MODULES = YES;
				CLANG_ENABLE_OBJC_ARC = YES;
				CLANG_ENABLE_OBJC_WEAK = YES;
				CLANG_WARN_BLOCK_CAPTURE_AUTORELEASING = YES;
				CLANG_WARN_BOOL_CONVERSION = YES;
				CLANG_WARN_COMMA = YES;
				CLANG_WARN_CONSTANT_CONVERSION = YES;
				CLANG_WARN_DEPRECATED_OBJC_IMPLEMENTATIONS = YES;
				CLANG_WARN_DIRECT_OBJC_ISA_USAGE = YES_ERROR;
				CLANG_WARN_DOCUMENTATION_COMMENTS = YES;
				CLANG_WARN_EMPTY_BODY = YES;
				CLANG_WARN_ENUM_CONVERSION = YES;
				CLANG_WARN_INFINITE_RECURSION = YES;
				CLANG_WARN_INT_CONVERSION = YES;
				CLANG_WARN_NON_LITERAL_NULL_CONVERSION = YES;
				CLANG_WARN_OBJC_IMPLICIT_RETAIN_SELF = YES;
				CLANG_WARN_OBJC_LITERAL_CONVERSION = YES;
				CLANG_WARN_OBJC_ROOT_CLASS = YES_ERROR;
				CLANG_WARN_RANGE_LOOP_ANALYSIS = YES;
				CLANG_WARN_STRICT_PROTOTYPES = YES;
				CLANG_WARN_SUSPICIOUS_MOVE = YES;
				CLANG_WARN_UNGUARDED_AVAILABILITY = YES_AGGRESSIVE;
				CLANG_WARN_UNREACHABLE_CODE = YES;
				CLANG_WARN__DUPLICATE_METHOD_MATCH = YES;
				CODE_SIGN_IDENTITY = "iPhone Developer";
				COPY_PHASE_STRIP = NO;
				DEBUG_INFORMATION_FORMAT = dwarf;
				ENABLE_STRICT_OBJC_MSGSEND = YES;
				ENABLE_TESTABILITY = YES;
				GCC_C_LANGUAGE_STANDARD = gnu11;
				GCC_DYNAMIC_NO_PIC = NO;
				GCC_NO_COMMON_BLOCKS = YES;
				GCC_OPTIMIZATION_LEVEL = 0;
				GCC_PREPROCESSOR_DEFINITIONS = (
					"DEBUG=1",
					"$(inherited)",
				);
				GCC_WARN_64_TO_32_BIT_CONVERSION = YES;
				GCC_WARN_ABOUT_RETURN_TYPE = YES_ERROR;
				GCC_WARN_UNDECLARED_SELECTOR = YES;
				GCC_WARN_UNINITIALIZED_AUTOS = YES_AGGRESSIVE;
				GCC_WARN_UNUSED_FUNCTION = YES;
				GCC_WARN_UNUSED_VARIABLE = YES;
				IPHONEOS_DEPLOYMENT_TARGET = 11.3;
				MTL_ENABLE_DEBUG_INFO = YES;
				ONLY_ACTIVE_ARCH = YES;
				SDKROOT = iphoneos;
				SWIFT_ACTIVE_COMPILATION_CONDITIONS = DEBUG;
				SWIFT_OPTIMIZATION_LEVEL = "-Onone";
			};
			name = Debug;
		};
		75039FBD20A4658200FEDC5E /* Release */ = {
			isa = XCBuildConfiguration;
			buildSettings = {
				ALWAYS_SEARCH_USER_PATHS = NO;
				CLANG_ANALYZER_NONNULL = YES;
				CLANG_ANALYZER_NUMBER_OBJECT_CONVERSION = YES_AGGRESSIVE;
				CLANG_CXX_LANGUAGE_STANDARD = "gnu++14";
				CLANG_CXX_LIBRARY = "libc++";
				CLANG_ENABLE_MODULES = YES;
				CLANG_ENABLE_OBJC_ARC = YES;
				CLANG_ENABLE_OBJC_WEAK = YES;
				CLANG_WARN_BLOCK_CAPTURE_AUTORELEASING = YES;
				CLANG_WARN_BOOL_CONVERSION = YES;
				CLANG_WARN_COMMA = YES;
				CLANG_WARN_CONSTANT_CONVERSION = YES;
				CLANG_WARN_DEPRECATED_OBJC_IMPLEMENTATIONS = YES;
				CLANG_WARN_DIRECT_OBJC_ISA_USAGE = YES_ERROR;
				CLANG_WARN_DOCUMENTATION_COMMENTS = YES;
				CLANG_WARN_EMPTY_BODY = YES;
				CLANG_WARN_ENUM_CONVERSION = YES;
				CLANG_WARN_INFINITE_RECURSION = YES;
				CLANG_WARN_INT_CONVERSION = YES;
				CLANG_WARN_NON_LITERAL_NULL_CONVERSION = YES;
				CLANG_WARN_OBJC_IMPLICIT_RETAIN_SELF = YES;
				CLANG_WARN_OBJC_LITERAL_CONVERSION = YES;
				CLANG_WARN_OBJC_ROOT_CLASS = YES_ERROR;
				CLANG_WARN_RANGE_LOOP_ANALYSIS = YES;
				CLANG_WARN_STRICT_PROTOTYPES = YES;
				CLANG_WARN_SUSPICIOUS_MOVE = YES;
				CLANG_WARN_UNGUARDED_AVAILABILITY = YES_AGGRESSIVE;
				CLANG_WARN_UNREACHABLE_CODE = YES;
				CLANG_WARN__DUPLICATE_METHOD_MATCH = YES;
				CODE_SIGN_IDENTITY = "iPhone Developer";
				COPY_PHASE_STRIP = NO;
				DEBUG_INFORMATION_FORMAT = "dwarf-with-dsym";
				ENABLE_NS_ASSERTIONS = NO;
				ENABLE_STRICT_OBJC_MSGSEND = YES;
				GCC_C_LANGUAGE_STANDARD = gnu11;
				GCC_NO_COMMON_BLOCKS = YES;
				GCC_WARN_64_TO_32_BIT_CONVERSION = YES;
				GCC_WARN_ABOUT_RETURN_TYPE = YES_ERROR;
				GCC_WARN_UNDECLARED_SELECTOR = YES;
				GCC_WARN_UNINITIALIZED_AUTOS = YES_AGGRESSIVE;
				GCC_WARN_UNUSED_FUNCTION = YES;
				GCC_WARN_UNUSED_VARIABLE = YES;
				IPHONEOS_DEPLOYMENT_TARGET = 11.3;
				MTL_ENABLE_DEBUG_INFO = NO;
				SDKROOT = iphoneos;
				SWIFT_COMPILATION_MODE = wholemodule;
				SWIFT_OPTIMIZATION_LEVEL = "-O";
				VALIDATE_PRODUCT = YES;
			};
			name = Release;
		};
		75039FBF20A4658200FEDC5E /* Debug */ = {
			isa = XCBuildConfiguration;
			baseConfigurationReference = 71C98E85C3BE5CDA5F67A9DF /* Pods-Wthere.debug.xcconfig */;
			buildSettings = {
				ASSETCATALOG_COMPILER_APPICON_NAME = AppIcon;
				CODE_SIGN_STYLE = Automatic;
				DEVELOPMENT_TEAM = 254PSF9W29;
				INFOPLIST_FILE = Wthere/Info.plist;
				LD_RUNPATH_SEARCH_PATHS = (
					"$(inherited)",
					"@executable_path/Frameworks",
				);
				PRODUCT_BUNDLE_IDENTIFIER = com.xraysoft.wthere.Wthere;
				PRODUCT_NAME = "$(TARGET_NAME)";
				SWIFT_VERSION = 4.0;
				TARGETED_DEVICE_FAMILY = "1,2";
			};
			name = Debug;
		};
		75039FC020A4658200FEDC5E /* Release */ = {
			isa = XCBuildConfiguration;
			baseConfigurationReference = 667DE4B10BC01FC6AA2764E8 /* Pods-Wthere.release.xcconfig */;
			buildSettings = {
				ASSETCATALOG_COMPILER_APPICON_NAME = AppIcon;
				CODE_SIGN_STYLE = Automatic;
				DEVELOPMENT_TEAM = 254PSF9W29;
				INFOPLIST_FILE = Wthere/Info.plist;
				LD_RUNPATH_SEARCH_PATHS = (
					"$(inherited)",
					"@executable_path/Frameworks",
				);
				PRODUCT_BUNDLE_IDENTIFIER = com.xraysoft.wthere.Wthere;
				PRODUCT_NAME = "$(TARGET_NAME)";
				SWIFT_VERSION = 4.0;
				TARGETED_DEVICE_FAMILY = "1,2";
			};
			name = Release;
		};
		75A1EE5E20D0548900302DDE /* Debug */ = {
			isa = XCBuildConfiguration;
			baseConfigurationReference = 7556DDBA8E4E12319015F040 /* Pods-WthereTests.debug.xcconfig */;
			buildSettings = {
				BUNDLE_LOADER = "$(TEST_HOST)";
				CODE_SIGN_STYLE = Automatic;
				DEVELOPMENT_TEAM = 254PSF9W29;
				INFOPLIST_FILE = WthereTests/Info.plist;
				IPHONEOS_DEPLOYMENT_TARGET = 11.4;
				LD_RUNPATH_SEARCH_PATHS = (
					"$(inherited)",
					"@executable_path/Frameworks",
					"@loader_path/Frameworks",
				);
				PRODUCT_BUNDLE_IDENTIFIER = com.xraysoft.wthere.WthereTests;
				PRODUCT_NAME = "$(TARGET_NAME)";
				SWIFT_VERSION = 4.0;
				TARGETED_DEVICE_FAMILY = "1,2";
				TEST_HOST = "$(BUILT_PRODUCTS_DIR)/Wthere.app/Wthere";
			};
			name = Debug;
		};
		75A1EE5F20D0548900302DDE /* Release */ = {
			isa = XCBuildConfiguration;
			baseConfigurationReference = 8781BBDFFE1F3C656C5CCF3E /* Pods-WthereTests.release.xcconfig */;
			buildSettings = {
				BUNDLE_LOADER = "$(TEST_HOST)";
				CODE_SIGN_STYLE = Automatic;
				DEVELOPMENT_TEAM = 254PSF9W29;
				INFOPLIST_FILE = WthereTests/Info.plist;
				IPHONEOS_DEPLOYMENT_TARGET = 11.4;
				LD_RUNPATH_SEARCH_PATHS = (
					"$(inherited)",
					"@executable_path/Frameworks",
					"@loader_path/Frameworks",
				);
				PRODUCT_BUNDLE_IDENTIFIER = com.xraysoft.wthere.WthereTests;
				PRODUCT_NAME = "$(TARGET_NAME)";
				SWIFT_VERSION = 4.0;
				TARGETED_DEVICE_FAMILY = "1,2";
				TEST_HOST = "$(BUILT_PRODUCTS_DIR)/Wthere.app/Wthere";
			};
			name = Release;
		};
/* End XCBuildConfiguration section */

/* Begin XCConfigurationList section */
		75039FA720A4658100FEDC5E /* Build configuration list for PBXProject "Wthere" */ = {
			isa = XCConfigurationList;
			buildConfigurations = (
				75039FBC20A4658200FEDC5E /* Debug */,
				75039FBD20A4658200FEDC5E /* Release */,
			);
			defaultConfigurationIsVisible = 0;
			defaultConfigurationName = Release;
		};
		75039FBE20A4658200FEDC5E /* Build configuration list for PBXNativeTarget "Wthere" */ = {
			isa = XCConfigurationList;
			buildConfigurations = (
				75039FBF20A4658200FEDC5E /* Debug */,
				75039FC020A4658200FEDC5E /* Release */,
			);
			defaultConfigurationIsVisible = 0;
			defaultConfigurationName = Release;
		};
		75A1EE6020D0548900302DDE /* Build configuration list for PBXNativeTarget "WthereTests" */ = {
			isa = XCConfigurationList;
			buildConfigurations = (
				75A1EE5E20D0548900302DDE /* Debug */,
				75A1EE5F20D0548900302DDE /* Release */,
			);
			defaultConfigurationIsVisible = 0;
			defaultConfigurationName = Release;
		};
/* End XCConfigurationList section */
	};
	rootObject = 75039FA420A4658100FEDC5E /* Project object */;
}
