// !$*UTF8*$!
{
	archiveVersion = 1;
	classes = {
	};
	objectVersion = 48;
	objects = {

/* Begin PBXBuildFile section */
		751D0C7020E2A7D400CE714B /* BTNode.swift in Sources */ = {isa = PBXBuildFile; fileRef = 751D0C6020E2A7D400CE714B /* BTNode.swift */; };
		751D0C7120E2A7D400CE714B /* BTIdentifier.swift in Sources */ = {isa = PBXBuildFile; fileRef = 751D0C6220E2A7D400CE714B /* BTIdentifier.swift */; };
		751D0C7220E2A7D400CE714B /* BTSerialization.swift in Sources */ = {isa = PBXBuildFile; fileRef = 751D0C6320E2A7D400CE714B /* BTSerialization.swift */; };
		751D0C7320E2A7D400CE714B /* BTPeripheralManager+PeripheralManagerDelegate.swift in Sources */ = {isa = PBXBuildFile; fileRef = 751D0C6520E2A7D400CE714B /* BTPeripheralManager+PeripheralManagerDelegate.swift */; };
		751D0C7420E2A7D400CE714B /* BTPeripheralManager.swift in Sources */ = {isa = PBXBuildFile; fileRef = 751D0C6620E2A7D400CE714B /* BTPeripheralManager.swift */; };
		751D0C7520E2A7D400CE714B /* BTCentralManager+CentralManagerDelegate.swift in Sources */ = {isa = PBXBuildFile; fileRef = 751D0C6820E2A7D400CE714B /* BTCentralManager+CentralManagerDelegate.swift */; };
		751D0C7620E2A7D400CE714B /* BTCentralManager.swift in Sources */ = {isa = PBXBuildFile; fileRef = 751D0C6920E2A7D400CE714B /* BTCentralManager.swift */; };
		751D0C7720E2A7D400CE714B /* BTCentralManager+PeripheralDelegate.swift in Sources */ = {isa = PBXBuildFile; fileRef = 751D0C6A20E2A7D400CE714B /* BTCentralManager+PeripheralDelegate.swift */; };
		751D0C7820E2A7D400CE714B /* BTBorder.swift in Sources */ = {isa = PBXBuildFile; fileRef = 751D0C6B20E2A7D400CE714B /* BTBorder.swift */; };
		751D0C7920E2A7D400CE714B /* BTConstants.swift in Sources */ = {isa = PBXBuildFile; fileRef = 751D0C6C20E2A7D400CE714B /* BTConstants.swift */; };
		751D0C7A20E2A7D400CE714B /* BTRouter.swift in Sources */ = {isa = PBXBuildFile; fileRef = 751D0C6E20E2A7D400CE714B /* BTRouter.swift */; };
		751D0C7B20E2A7D400CE714B /* BTRouteItem.swift in Sources */ = {isa = PBXBuildFile; fileRef = 751D0C6F20E2A7D400CE714B /* BTRouteItem.swift */; };
		751D0C8620E2A97300CE714B /* Date+Extensions.swift in Sources */ = {isa = PBXBuildFile; fileRef = 751D0C8420E2A97300CE714B /* Date+Extensions.swift */; };
		751D0C8720E2A97300CE714B /* Data+Extensions.swift in Sources */ = {isa = PBXBuildFile; fileRef = 751D0C8520E2A97300CE714B /* Data+Extensions.swift */; };
		751D0C8D20E2B8B900CE714B /* BTRouterConfig.swift in Sources */ = {isa = PBXBuildFile; fileRef = 751D0C8C20E2B8B900CE714B /* BTRouterConfig.swift */; };
		757D235F20ECCEF0006B8FE7 /* BTRouterTests.swift in Sources */ = {isa = PBXBuildFile; fileRef = 8D1D797D20E840400044E6E4 /* BTRouterTests.swift */; };
		8D02316F20521832007935B2 /* BTMesh.framework in Frameworks */ = {isa = PBXBuildFile; fileRef = 8D02316520521832007935B2 /* BTMesh.framework */; };
		8D02317620521832007935B2 /* BTMesh.h in Headers */ = {isa = PBXBuildFile; fileRef = 8D02316820521832007935B2 /* BTMesh.h */; settings = {ATTRIBUTES = (Public, ); }; };
		8D1D797920E840020044E6E4 /* BTUser.swift in Sources */ = {isa = PBXBuildFile; fileRef = 8D1D797620E840020044E6E4 /* BTUser.swift */; };
		8D1D797A20E840020044E6E4 /* BTMessage.swift in Sources */ = {isa = PBXBuildFile; fileRef = 8D1D797720E840020044E6E4 /* BTMessage.swift */; };
		8D1D797B20E840020044E6E4 /* BTSorage.swift in Sources */ = {isa = PBXBuildFile; fileRef = 8D1D797820E840020044E6E4 /* BTSorage.swift */; };
		8D1D798420E85F160044E6E4 /* NodeFactory.swift in Sources */ = {isa = PBXBuildFile; fileRef = 8D1D798120E85F160044E6E4 /* NodeFactory.swift */; };
		8D1D798520E85F160044E6E4 /* NodeParameters.swift in Sources */ = {isa = PBXBuildFile; fileRef = 8D1D798220E85F160044E6E4 /* NodeParameters.swift */; };
		8D1D798B20E950260044E6E4 /* BorderMock.swift in Sources */ = {isa = PBXBuildFile; fileRef = 8D1D798A20E950260044E6E4 /* BorderMock.swift */; };
		8D1D798D20E950360044E6E4 /* StorageMock.swift in Sources */ = {isa = PBXBuildFile; fileRef = 8D1D798C20E950360044E6E4 /* StorageMock.swift */; };
		8D1D798F20E954040044E6E4 /* UserFactory.swift in Sources */ = {isa = PBXBuildFile; fileRef = 8D1D798E20E954040044E6E4 /* UserFactory.swift */; };
		8DE9EC6020E9BBF100C14174 /* BTCentralManagerConfig.swift in Sources */ = {isa = PBXBuildFile; fileRef = 8DE9EC5F20E9BBF100C14174 /* BTCentralManagerConfig.swift */; };
		8DE9EC6220E9C77900C14174 /* BTPeripheralManagerConfig.swift in Sources */ = {isa = PBXBuildFile; fileRef = 8DE9EC6120E9C77900C14174 /* BTPeripheralManagerConfig.swift */; };
		9D9323287FABF5D671FA86FE /* Pods_BTMesh.framework in Frameworks */ = {isa = PBXBuildFile; fileRef = 12B89FE4F827A2764F612B3B /* Pods_BTMesh.framework */; };
		C60732A29CE1EDF1980C1836 /* Pods_BTMeshTests.framework in Frameworks */ = {isa = PBXBuildFile; fileRef = BED31BF75E5B2428F6D0900A /* Pods_BTMeshTests.framework */; };
/* End PBXBuildFile section */

/* Begin PBXContainerItemProxy section */
		8D02317020521832007935B2 /* PBXContainerItemProxy */ = {
			isa = PBXContainerItemProxy;
			containerPortal = 8D02315C20521832007935B2 /* Project object */;
			proxyType = 1;
			remoteGlobalIDString = 8D02316420521832007935B2;
			remoteInfo = BTMesh;
		};
/* End PBXContainerItemProxy section */

/* Begin PBXFileReference section */
		0F81E23CFF6E766FC307013F /* Pods-BTMesh.debug.xcconfig */ = {isa = PBXFileReference; includeInIndex = 1; lastKnownFileType = text.xcconfig; name = "Pods-BTMesh.debug.xcconfig"; path = "Pods/Target Support Files/Pods-BTMesh/Pods-BTMesh.debug.xcconfig"; sourceTree = "<group>"; };
		12B89FE4F827A2764F612B3B /* Pods_BTMesh.framework */ = {isa = PBXFileReference; explicitFileType = wrapper.framework; includeInIndex = 0; path = Pods_BTMesh.framework; sourceTree = BUILT_PRODUCTS_DIR; };
		161EC2FC5CA564F73EC0D0AA /* Pods-BTMeshTests.release.xcconfig */ = {isa = PBXFileReference; includeInIndex = 1; lastKnownFileType = text.xcconfig; name = "Pods-BTMeshTests.release.xcconfig"; path = "Pods/Target Support Files/Pods-BTMeshTests/Pods-BTMeshTests.release.xcconfig"; sourceTree = "<group>"; };
		751D0C6020E2A7D400CE714B /* BTNode.swift */ = {isa = PBXFileReference; fileEncoding = 4; lastKnownFileType = sourcecode.swift; path = BTNode.swift; sourceTree = "<group>"; };
		751D0C6220E2A7D400CE714B /* BTIdentifier.swift */ = {isa = PBXFileReference; fileEncoding = 4; lastKnownFileType = sourcecode.swift; path = BTIdentifier.swift; sourceTree = "<group>"; };
		751D0C6320E2A7D400CE714B /* BTSerialization.swift */ = {isa = PBXFileReference; fileEncoding = 4; lastKnownFileType = sourcecode.swift; path = BTSerialization.swift; sourceTree = "<group>"; };
		751D0C6520E2A7D400CE714B /* BTPeripheralManager+PeripheralManagerDelegate.swift */ = {isa = PBXFileReference; fileEncoding = 4; lastKnownFileType = sourcecode.swift; path = "BTPeripheralManager+PeripheralManagerDelegate.swift"; sourceTree = "<group>"; };
		751D0C6620E2A7D400CE714B /* BTPeripheralManager.swift */ = {isa = PBXFileReference; fileEncoding = 4; lastKnownFileType = sourcecode.swift; path = BTPeripheralManager.swift; sourceTree = "<group>"; };
		751D0C6820E2A7D400CE714B /* BTCentralManager+CentralManagerDelegate.swift */ = {isa = PBXFileReference; fileEncoding = 4; lastKnownFileType = sourcecode.swift; path = "BTCentralManager+CentralManagerDelegate.swift"; sourceTree = "<group>"; };
		751D0C6920E2A7D400CE714B /* BTCentralManager.swift */ = {isa = PBXFileReference; fileEncoding = 4; lastKnownFileType = sourcecode.swift; path = BTCentralManager.swift; sourceTree = "<group>"; };
		751D0C6A20E2A7D400CE714B /* BTCentralManager+PeripheralDelegate.swift */ = {isa = PBXFileReference; fileEncoding = 4; lastKnownFileType = sourcecode.swift; path = "BTCentralManager+PeripheralDelegate.swift"; sourceTree = "<group>"; };
		751D0C6B20E2A7D400CE714B /* BTBorder.swift */ = {isa = PBXFileReference; fileEncoding = 4; lastKnownFileType = sourcecode.swift; path = BTBorder.swift; sourceTree = "<group>"; };
		751D0C6C20E2A7D400CE714B /* BTConstants.swift */ = {isa = PBXFileReference; fileEncoding = 4; lastKnownFileType = sourcecode.swift; path = BTConstants.swift; sourceTree = "<group>"; };
		751D0C6E20E2A7D400CE714B /* BTRouter.swift */ = {isa = PBXFileReference; fileEncoding = 4; lastKnownFileType = sourcecode.swift; path = BTRouter.swift; sourceTree = "<group>"; };
		751D0C6F20E2A7D400CE714B /* BTRouteItem.swift */ = {isa = PBXFileReference; fileEncoding = 4; lastKnownFileType = sourcecode.swift; path = BTRouteItem.swift; sourceTree = "<group>"; };
		751D0C8420E2A97300CE714B /* Date+Extensions.swift */ = {isa = PBXFileReference; fileEncoding = 4; lastKnownFileType = sourcecode.swift; path = "Date+Extensions.swift"; sourceTree = "<group>"; };
		751D0C8520E2A97300CE714B /* Data+Extensions.swift */ = {isa = PBXFileReference; fileEncoding = 4; lastKnownFileType = sourcecode.swift; path = "Data+Extensions.swift"; sourceTree = "<group>"; };
		751D0C8C20E2B8B900CE714B /* BTRouterConfig.swift */ = {isa = PBXFileReference; lastKnownFileType = sourcecode.swift; path = BTRouterConfig.swift; sourceTree = "<group>"; };
		8D02316520521832007935B2 /* BTMesh.framework */ = {isa = PBXFileReference; explicitFileType = wrapper.framework; includeInIndex = 0; path = BTMesh.framework; sourceTree = BUILT_PRODUCTS_DIR; };
		8D02316820521832007935B2 /* BTMesh.h */ = {isa = PBXFileReference; lastKnownFileType = sourcecode.c.h; path = BTMesh.h; sourceTree = "<group>"; };
		8D02316920521832007935B2 /* Info.plist */ = {isa = PBXFileReference; lastKnownFileType = text.plist.xml; path = Info.plist; sourceTree = "<group>"; };
		8D02316E20521832007935B2 /* BTMeshTests.xctest */ = {isa = PBXFileReference; explicitFileType = wrapper.cfbundle; includeInIndex = 0; path = BTMeshTests.xctest; sourceTree = BUILT_PRODUCTS_DIR; };
		8D02317520521832007935B2 /* Info.plist */ = {isa = PBXFileReference; lastKnownFileType = text.plist.xml; path = Info.plist; sourceTree = "<group>"; };
		8D1D797620E840020044E6E4 /* BTUser.swift */ = {isa = PBXFileReference; fileEncoding = 4; lastKnownFileType = sourcecode.swift; path = BTUser.swift; sourceTree = "<group>"; };
		8D1D797720E840020044E6E4 /* BTMessage.swift */ = {isa = PBXFileReference; fileEncoding = 4; lastKnownFileType = sourcecode.swift; path = BTMessage.swift; sourceTree = "<group>"; };
		8D1D797820E840020044E6E4 /* BTSorage.swift */ = {isa = PBXFileReference; fileEncoding = 4; lastKnownFileType = sourcecode.swift; path = BTSorage.swift; sourceTree = "<group>"; };
		8D1D797C20E8403F0044E6E4 /* BTMeshTests-Bridging-Header.h */ = {isa = PBXFileReference; lastKnownFileType = sourcecode.c.h; path = "BTMeshTests-Bridging-Header.h"; sourceTree = "<group>"; };
		8D1D797D20E840400044E6E4 /* BTRouterTests.swift */ = {isa = PBXFileReference; lastKnownFileType = sourcecode.swift; path = BTRouterTests.swift; sourceTree = "<group>"; };
		8D1D798120E85F160044E6E4 /* NodeFactory.swift */ = {isa = PBXFileReference; fileEncoding = 4; lastKnownFileType = sourcecode.swift; path = NodeFactory.swift; sourceTree = "<group>"; };
		8D1D798220E85F160044E6E4 /* NodeParameters.swift */ = {isa = PBXFileReference; fileEncoding = 4; lastKnownFileType = sourcecode.swift; path = NodeParameters.swift; sourceTree = "<group>"; };
		8D1D798620E8FBA50044E6E4 /* XCTest.framework */ = {isa = PBXFileReference; lastKnownFileType = wrapper.framework; name = XCTest.framework; path = Platforms/iPhoneOS.platform/Developer/Library/Frameworks/XCTest.framework; sourceTree = DEVELOPER_DIR; };
		8D1D798A20E950260044E6E4 /* BorderMock.swift */ = {isa = PBXFileReference; lastKnownFileType = sourcecode.swift; path = BorderMock.swift; sourceTree = "<group>"; };
		8D1D798C20E950360044E6E4 /* StorageMock.swift */ = {isa = PBXFileReference; lastKnownFileType = sourcecode.swift; path = StorageMock.swift; sourceTree = "<group>"; };
		8D1D798E20E954040044E6E4 /* UserFactory.swift */ = {isa = PBXFileReference; lastKnownFileType = sourcecode.swift; path = UserFactory.swift; sourceTree = "<group>"; };
		8DE9EC5F20E9BBF100C14174 /* BTCentralManagerConfig.swift */ = {isa = PBXFileReference; lastKnownFileType = sourcecode.swift; path = BTCentralManagerConfig.swift; sourceTree = "<group>"; };
		8DE9EC6120E9C77900C14174 /* BTPeripheralManagerConfig.swift */ = {isa = PBXFileReference; lastKnownFileType = sourcecode.swift; path = BTPeripheralManagerConfig.swift; sourceTree = "<group>"; };
		9139663C4020374B29C07D04 /* Pods-BTMeshTests.debug.xcconfig */ = {isa = PBXFileReference; includeInIndex = 1; lastKnownFileType = text.xcconfig; name = "Pods-BTMeshTests.debug.xcconfig"; path = "Pods/Target Support Files/Pods-BTMeshTests/Pods-BTMeshTests.debug.xcconfig"; sourceTree = "<group>"; };
		BED31BF75E5B2428F6D0900A /* Pods_BTMeshTests.framework */ = {isa = PBXFileReference; explicitFileType = wrapper.framework; includeInIndex = 0; path = Pods_BTMeshTests.framework; sourceTree = BUILT_PRODUCTS_DIR; };
		E1CC26A64B9352CB8E62E319 /* Pods-BTMesh.release.xcconfig */ = {isa = PBXFileReference; includeInIndex = 1; lastKnownFileType = text.xcconfig; name = "Pods-BTMesh.release.xcconfig"; path = "Pods/Target Support Files/Pods-BTMesh/Pods-BTMesh.release.xcconfig"; sourceTree = "<group>"; };
/* End PBXFileReference section */

/* Begin PBXFrameworksBuildPhase section */
		8D02316120521832007935B2 /* Frameworks */ = {
			isa = PBXFrameworksBuildPhase;
			buildActionMask = 2147483647;
			files = (
				9D9323287FABF5D671FA86FE /* Pods_BTMesh.framework in Frameworks */,
			);
			runOnlyForDeploymentPostprocessing = 0;
		};
		8D02316B20521832007935B2 /* Frameworks */ = {
			isa = PBXFrameworksBuildPhase;
			buildActionMask = 2147483647;
			files = (
				8D02316F20521832007935B2 /* BTMesh.framework in Frameworks */,
				C60732A29CE1EDF1980C1836 /* Pods_BTMeshTests.framework in Frameworks */,
			);
			runOnlyForDeploymentPostprocessing = 0;
		};
/* End PBXFrameworksBuildPhase section */

/* Begin PBXGroup section */
		751D0C6120E2A7D400CE714B /* Border */ = {
			isa = PBXGroup;
			children = (
				751D0C6B20E2A7D400CE714B /* BTBorder.swift */,
				751D0C6220E2A7D400CE714B /* BTIdentifier.swift */,
				751D0C6320E2A7D400CE714B /* BTSerialization.swift */,
				751D0C6420E2A7D400CE714B /* Peripheral */,
				751D0C6720E2A7D400CE714B /* Central */,
			);
			path = Border;
			sourceTree = "<group>";
		};
		751D0C6420E2A7D400CE714B /* Peripheral */ = {
			isa = PBXGroup;
			children = (
				751D0C6620E2A7D400CE714B /* BTPeripheralManager.swift */,
				8DE9EC6120E9C77900C14174 /* BTPeripheralManagerConfig.swift */,
				751D0C6520E2A7D400CE714B /* BTPeripheralManager+PeripheralManagerDelegate.swift */,
			);
			path = Peripheral;
			sourceTree = "<group>";
		};
		751D0C6720E2A7D400CE714B /* Central */ = {
			isa = PBXGroup;
			children = (
				751D0C6920E2A7D400CE714B /* BTCentralManager.swift */,
				8DE9EC5F20E9BBF100C14174 /* BTCentralManagerConfig.swift */,
				751D0C6820E2A7D400CE714B /* BTCentralManager+CentralManagerDelegate.swift */,
				751D0C6A20E2A7D400CE714B /* BTCentralManager+PeripheralDelegate.swift */,
			);
			path = Central;
			sourceTree = "<group>";
		};
		751D0C6D20E2A7D400CE714B /* Router */ = {
			isa = PBXGroup;
			children = (
				751D0C6E20E2A7D400CE714B /* BTRouter.swift */,
				751D0C8C20E2B8B900CE714B /* BTRouterConfig.swift */,
				751D0C6F20E2A7D400CE714B /* BTRouteItem.swift */,
			);
			path = Router;
			sourceTree = "<group>";
		};
		751D0C7C20E2A94700CE714B /* Model */ = {
			isa = PBXGroup;
			children = (
				8D1D797720E840020044E6E4 /* BTMessage.swift */,
				8D1D797820E840020044E6E4 /* BTSorage.swift */,
				8D1D797620E840020044E6E4 /* BTUser.swift */,
			);
			path = Model;
			sourceTree = "<group>";
		};
		751D0C8320E2A97300CE714B /* Extensions */ = {
			isa = PBXGroup;
			children = (
				751D0C8420E2A97300CE714B /* Date+Extensions.swift */,
				751D0C8520E2A97300CE714B /* Data+Extensions.swift */,
			);
			path = Extensions;
			sourceTree = "<group>";
		};
		8D02315B20521832007935B2 = {
			isa = PBXGroup;
			children = (
				8D02316720521832007935B2 /* BTMesh */,
				8D02317220521832007935B2 /* BTMeshTests */,
				8D02316620521832007935B2 /* Products */,
				8D12B0CD20548716006E8241 /* Frameworks */,
				C3A0B1E3610657C2E669058E /* Pods */,
			);
			sourceTree = "<group>";
		};
		8D02316620521832007935B2 /* Products */ = {
			isa = PBXGroup;
			children = (
				8D02316520521832007935B2 /* BTMesh.framework */,
				8D02316E20521832007935B2 /* BTMeshTests.xctest */,
			);
			name = Products;
			sourceTree = "<group>";
		};
		8D02316720521832007935B2 /* BTMesh */ = {
			isa = PBXGroup;
			children = (
				8D12B0C720545B88006E8241 /* Core */,
				751D0C7C20E2A94700CE714B /* Model */,
				751D0C8320E2A97300CE714B /* Extensions */,
				8D02316820521832007935B2 /* BTMesh.h */,
				8D02316920521832007935B2 /* Info.plist */,
			);
			path = BTMesh;
			sourceTree = "<group>";
		};
		8D02317220521832007935B2 /* BTMeshTests */ = {
			isa = PBXGroup;
			children = (
				8D1D798920E94FD50044E6E4 /* Mocks */,
				8D02317520521832007935B2 /* Info.plist */,
				8D1D798020E85F160044E6E4 /* Config */,
				8D1D797D20E840400044E6E4 /* BTRouterTests.swift */,
				8D1D797C20E8403F0044E6E4 /* BTMeshTests-Bridging-Header.h */,
			);
			path = BTMeshTests;
			sourceTree = "<group>";
		};
		8D12B0C720545B88006E8241 /* Core */ = {
			isa = PBXGroup;
			children = (
				751D0C6D20E2A7D400CE714B /* Router */,
				751D0C6120E2A7D400CE714B /* Border */,
				751D0C6C20E2A7D400CE714B /* BTConstants.swift */,
				751D0C6020E2A7D400CE714B /* BTNode.swift */,
			);
			path = Core;
			sourceTree = "<group>";
		};
		8D12B0CD20548716006E8241 /* Frameworks */ = {
			isa = PBXGroup;
			children = (
				8D1D798620E8FBA50044E6E4 /* XCTest.framework */,
				12B89FE4F827A2764F612B3B /* Pods_BTMesh.framework */,
				BED31BF75E5B2428F6D0900A /* Pods_BTMeshTests.framework */,
			);
			name = Frameworks;
			sourceTree = "<group>";
		};
		8D1D798020E85F160044E6E4 /* Config */ = {
			isa = PBXGroup;
			children = (
				8D1D798220E85F160044E6E4 /* NodeParameters.swift */,
				8D1D798120E85F160044E6E4 /* NodeFactory.swift */,
				8D1D798E20E954040044E6E4 /* UserFactory.swift */,
			);
			path = Config;
			sourceTree = "<group>";
		};
		8D1D798920E94FD50044E6E4 /* Mocks */ = {
			isa = PBXGroup;
			children = (
				8D1D798A20E950260044E6E4 /* BorderMock.swift */,
				8D1D798C20E950360044E6E4 /* StorageMock.swift */,
			);
			path = Mocks;
			sourceTree = "<group>";
		};
		C3A0B1E3610657C2E669058E /* Pods */ = {
			isa = PBXGroup;
			children = (
				0F81E23CFF6E766FC307013F /* Pods-BTMesh.debug.xcconfig */,
				E1CC26A64B9352CB8E62E319 /* Pods-BTMesh.release.xcconfig */,
				9139663C4020374B29C07D04 /* Pods-BTMeshTests.debug.xcconfig */,
				161EC2FC5CA564F73EC0D0AA /* Pods-BTMeshTests.release.xcconfig */,
			);
			name = Pods;
			sourceTree = "<group>";
		};
/* End PBXGroup section */

/* Begin PBXHeadersBuildPhase section */
		8D02316220521832007935B2 /* Headers */ = {
			isa = PBXHeadersBuildPhase;
			buildActionMask = 2147483647;
			files = (
				8D02317620521832007935B2 /* BTMesh.h in Headers */,
			);
			runOnlyForDeploymentPostprocessing = 0;
		};
/* End PBXHeadersBuildPhase section */

/* Begin PBXNativeTarget section */
		8D02316420521832007935B2 /* BTMesh */ = {
			isa = PBXNativeTarget;
			buildConfigurationList = 8D02317920521832007935B2 /* Build configuration list for PBXNativeTarget "BTMesh" */;
			buildPhases = (
				CFFA827F145D1310117EA519 /* [CP] Check Pods Manifest.lock */,
				8D02316020521832007935B2 /* Sources */,
				8D02316120521832007935B2 /* Frameworks */,
				8D02316220521832007935B2 /* Headers */,
				8D02316320521832007935B2 /* Resources */,
				08FE0525E644351418BE3653 /* [CP] Copy Pods Resources */,
			);
			buildRules = (
			);
			dependencies = (
			);
			name = BTMesh;
			productName = BTMesh;
			productReference = 8D02316520521832007935B2 /* BTMesh.framework */;
			productType = "com.apple.product-type.framework";
		};
		8D02316D20521832007935B2 /* BTMeshTests */ = {
			isa = PBXNativeTarget;
			buildConfigurationList = 8D02317C20521832007935B2 /* Build configuration list for PBXNativeTarget "BTMeshTests" */;
			buildPhases = (
				D1604E9910411DB71ADE6474 /* [CP] Check Pods Manifest.lock */,
				8D02316A20521832007935B2 /* Sources */,
				8D02316B20521832007935B2 /* Frameworks */,
				8D02316C20521832007935B2 /* Resources */,
				49737BFF252CDCE1ADC1C4D7 /* [CP] Embed Pods Frameworks */,
				E25BED4781AFEC45146B5854 /* [CP] Copy Pods Resources */,
			);
			buildRules = (
			);
			dependencies = (
				8D02317120521832007935B2 /* PBXTargetDependency */,
			);
			name = BTMeshTests;
			productName = BTMeshTests;
			productReference = 8D02316E20521832007935B2 /* BTMeshTests.xctest */;
			productType = "com.apple.product-type.bundle.unit-test";
		};
/* End PBXNativeTarget section */

/* Begin PBXProject section */
		8D02315C20521832007935B2 /* Project object */ = {
			isa = PBXProject;
			attributes = {
				LastSwiftUpdateCheck = 0920;
				LastUpgradeCheck = 0920;
				ORGANIZATIONNAME = "Marcos Borges";
				TargetAttributes = {
					8D02316420521832007935B2 = {
						CreatedOnToolsVersion = 9.2;
						LastSwiftMigration = 0940;
						ProvisioningStyle = Automatic;
					};
					8D02316D20521832007935B2 = {
						CreatedOnToolsVersion = 9.2;
						LastSwiftMigration = 0940;
						ProvisioningStyle = Automatic;
					};
				};
			};
			buildConfigurationList = 8D02315F20521832007935B2 /* Build configuration list for PBXProject "BTMesh" */;
			compatibilityVersion = "Xcode 8.0";
			developmentRegion = en;
			hasScannedForEncodings = 0;
			knownRegions = (
				en,
			);
			mainGroup = 8D02315B20521832007935B2;
			productRefGroup = 8D02316620521832007935B2 /* Products */;
			projectDirPath = "";
			projectRoot = "";
			targets = (
				8D02316420521832007935B2 /* BTMesh */,
				8D02316D20521832007935B2 /* BTMeshTests */,
			);
		};
/* End PBXProject section */

/* Begin PBXResourcesBuildPhase section */
		8D02316320521832007935B2 /* Resources */ = {
			isa = PBXResourcesBuildPhase;
			buildActionMask = 2147483647;
			files = (
			);
			runOnlyForDeploymentPostprocessing = 0;
		};
		8D02316C20521832007935B2 /* Resources */ = {
			isa = PBXResourcesBuildPhase;
			buildActionMask = 2147483647;
			files = (
			);
			runOnlyForDeploymentPostprocessing = 0;
		};
/* End PBXResourcesBuildPhase section */

/* Begin PBXShellScriptBuildPhase section */
		08FE0525E644351418BE3653 /* [CP] Copy Pods Resources */ = {
			isa = PBXShellScriptBuildPhase;
			buildActionMask = 2147483647;
			files = (
			);
			inputPaths = (
			);
			name = "[CP] Copy Pods Resources";
			outputPaths = (
			);
			runOnlyForDeploymentPostprocessing = 0;
			shellPath = /bin/sh;
			shellScript = "\"${SRCROOT}/Pods/Target Support Files/Pods-BTMesh/Pods-BTMesh-resources.sh\"\n";
			showEnvVarsInLog = 0;
		};
		49737BFF252CDCE1ADC1C4D7 /* [CP] Embed Pods Frameworks */ = {
			isa = PBXShellScriptBuildPhase;
			buildActionMask = 2147483647;
			files = (
			);
			inputPaths = (
				"${SRCROOT}/Pods/Target Support Files/Pods-BTMeshTests/Pods-BTMeshTests-frameworks.sh",
				"${BUILT_PRODUCTS_DIR}/RxSwift/RxSwift.framework",
			);
			name = "[CP] Embed Pods Frameworks";
			outputPaths = (
				"${TARGET_BUILD_DIR}/${FRAMEWORKS_FOLDER_PATH}/RxSwift.framework",
			);
			runOnlyForDeploymentPostprocessing = 0;
			shellPath = /bin/sh;
			shellScript = "\"${SRCROOT}/Pods/Target Support Files/Pods-BTMeshTests/Pods-BTMeshTests-frameworks.sh\"\n";
			showEnvVarsInLog = 0;
		};
		CFFA827F145D1310117EA519 /* [CP] Check Pods Manifest.lock */ = {
			isa = PBXShellScriptBuildPhase;
			buildActionMask = 2147483647;
			files = (
			);
			inputPaths = (
				"${PODS_PODFILE_DIR_PATH}/Podfile.lock",
				"${PODS_ROOT}/Manifest.lock",
			);
			name = "[CP] Check Pods Manifest.lock";
			outputPaths = (
				"$(DERIVED_FILE_DIR)/Pods-BTMesh-checkManifestLockResult.txt",
			);
			runOnlyForDeploymentPostprocessing = 0;
			shellPath = /bin/sh;
			shellScript = "diff \"${PODS_PODFILE_DIR_PATH}/Podfile.lock\" \"${PODS_ROOT}/Manifest.lock\" > /dev/null\nif [ $? != 0 ] ; then\n    # print error to STDERR\n    echo \"error: The sandbox is not in sync with the Podfile.lock. Run 'pod install' or update your CocoaPods installation.\" >&2\n    exit 1\nfi\n# This output is used by Xcode 'outputs' to avoid re-running this script phase.\necho \"SUCCESS\" > \"${SCRIPT_OUTPUT_FILE_0}\"\n";
			showEnvVarsInLog = 0;
		};
		D1604E9910411DB71ADE6474 /* [CP] Check Pods Manifest.lock */ = {
			isa = PBXShellScriptBuildPhase;
			buildActionMask = 2147483647;
			files = (
			);
			inputPaths = (
				"${PODS_PODFILE_DIR_PATH}/Podfile.lock",
				"${PODS_ROOT}/Manifest.lock",
			);
			name = "[CP] Check Pods Manifest.lock";
			outputPaths = (
				"$(DERIVED_FILE_DIR)/Pods-BTMeshTests-checkManifestLockResult.txt",
			);
			runOnlyForDeploymentPostprocessing = 0;
			shellPath = /bin/sh;
			shellScript = "diff \"${PODS_PODFILE_DIR_PATH}/Podfile.lock\" \"${PODS_ROOT}/Manifest.lock\" > /dev/null\nif [ $? != 0 ] ; then\n    # print error to STDERR\n    echo \"error: The sandbox is not in sync with the Podfile.lock. Run 'pod install' or update your CocoaPods installation.\" >&2\n    exit 1\nfi\n# This output is used by Xcode 'outputs' to avoid re-running this script phase.\necho \"SUCCESS\" > \"${SCRIPT_OUTPUT_FILE_0}\"\n";
			showEnvVarsInLog = 0;
		};
		E25BED4781AFEC45146B5854 /* [CP] Copy Pods Resources */ = {
			isa = PBXShellScriptBuildPhase;
			buildActionMask = 2147483647;
			files = (
			);
			inputPaths = (
			);
			name = "[CP] Copy Pods Resources";
			outputPaths = (
			);
			runOnlyForDeploymentPostprocessing = 0;
			shellPath = /bin/sh;
			shellScript = "\"${SRCROOT}/Pods/Target Support Files/Pods-BTMeshTests/Pods-BTMeshTests-resources.sh\"\n";
			showEnvVarsInLog = 0;
		};
/* End PBXShellScriptBuildPhase section */

/* Begin PBXSourcesBuildPhase section */
		8D02316020521832007935B2 /* Sources */ = {
			isa = PBXSourcesBuildPhase;
			buildActionMask = 2147483647;
			files = (
				751D0C7B20E2A7D400CE714B /* BTRouteItem.swift in Sources */,
				751D0C7720E2A7D400CE714B /* BTCentralManager+PeripheralDelegate.swift in Sources */,
				751D0C7620E2A7D400CE714B /* BTCentralManager.swift in Sources */,
				8DE9EC6020E9BBF100C14174 /* BTCentralManagerConfig.swift in Sources */,
				751D0C7320E2A7D400CE714B /* BTPeripheralManager+PeripheralManagerDelegate.swift in Sources */,
				751D0C7920E2A7D400CE714B /* BTConstants.swift in Sources */,
				751D0C7420E2A7D400CE714B /* BTPeripheralManager.swift in Sources */,
				751D0C7520E2A7D400CE714B /* BTCentralManager+CentralManagerDelegate.swift in Sources */,
				751D0C7A20E2A7D400CE714B /* BTRouter.swift in Sources */,
				8D1D797A20E840020044E6E4 /* BTMessage.swift in Sources */,
				751D0C8620E2A97300CE714B /* Date+Extensions.swift in Sources */,
				8D1D797920E840020044E6E4 /* BTUser.swift in Sources */,
				751D0C7220E2A7D400CE714B /* BTSerialization.swift in Sources */,
				751D0C8720E2A97300CE714B /* Data+Extensions.swift in Sources */,
				751D0C8D20E2B8B900CE714B /* BTRouterConfig.swift in Sources */,
				751D0C7120E2A7D400CE714B /* BTIdentifier.swift in Sources */,
				751D0C7820E2A7D400CE714B /* BTBorder.swift in Sources */,
				8DE9EC6220E9C77900C14174 /* BTPeripheralManagerConfig.swift in Sources */,
				8D1D797B20E840020044E6E4 /* BTSorage.swift in Sources */,
				751D0C7020E2A7D400CE714B /* BTNode.swift in Sources */,
			);
			runOnlyForDeploymentPostprocessing = 0;
		};
		8D02316A20521832007935B2 /* Sources */ = {
			isa = PBXSourcesBuildPhase;
			buildActionMask = 2147483647;
			files = (
				757D235F20ECCEF0006B8FE7 /* BTRouterTests.swift in Sources */,
				8D1D798420E85F160044E6E4 /* NodeFactory.swift in Sources */,
				8D1D798F20E954040044E6E4 /* UserFactory.swift in Sources */,
				8D1D798D20E950360044E6E4 /* StorageMock.swift in Sources */,
				8D1D798520E85F160044E6E4 /* NodeParameters.swift in Sources */,
				8D1D798B20E950260044E6E4 /* BorderMock.swift in Sources */,
			);
			runOnlyForDeploymentPostprocessing = 0;
		};
/* End PBXSourcesBuildPhase section */

/* Begin PBXTargetDependency section */
		8D02317120521832007935B2 /* PBXTargetDependency */ = {
			isa = PBXTargetDependency;
			target = 8D02316420521832007935B2 /* BTMesh */;
			targetProxy = 8D02317020521832007935B2 /* PBXContainerItemProxy */;
		};
/* End PBXTargetDependency section */

/* Begin XCBuildConfiguration section */
		8D02317720521832007935B2 /* Debug */ = {
			isa = XCBuildConfiguration;
			buildSettings = {
				ALWAYS_SEARCH_USER_PATHS = NO;
				CLANG_ANALYZER_NONNULL = YES;
				CLANG_ANALYZER_NUMBER_OBJECT_CONVERSION = YES_AGGRESSIVE;
				CLANG_CXX_LANGUAGE_STANDARD = "gnu++14";
				CLANG_CXX_LIBRARY = "libc++";
				CLANG_ENABLE_MODULES = YES;
				CLANG_ENABLE_OBJC_ARC = YES;
				CLANG_WARN_BLOCK_CAPTURE_AUTORELEASING = YES;
				CLANG_WARN_BOOL_CONVERSION = YES;
				CLANG_WARN_COMMA = YES;
				CLANG_WARN_CONSTANT_CONVERSION = YES;
				CLANG_WARN_DIRECT_OBJC_ISA_USAGE = YES_ERROR;
				CLANG_WARN_DOCUMENTATION_COMMENTS = YES;
				CLANG_WARN_EMPTY_BODY = YES;
				CLANG_WARN_ENUM_CONVERSION = YES;
				CLANG_WARN_INFINITE_RECURSION = YES;
				CLANG_WARN_INT_CONVERSION = YES;
				CLANG_WARN_NON_LITERAL_NULL_CONVERSION = YES;
				CLANG_WARN_OBJC_LITERAL_CONVERSION = YES;
				CLANG_WARN_OBJC_ROOT_CLASS = YES_ERROR;
				CLANG_WARN_RANGE_LOOP_ANALYSIS = YES;
				CLANG_WARN_STRICT_PROTOTYPES = YES;
				CLANG_WARN_SUSPICIOUS_MOVE = YES;
				CLANG_WARN_UNGUARDED_AVAILABILITY = YES_AGGRESSIVE;
				CLANG_WARN_UNREACHABLE_CODE = YES;
				CLANG_WARN__DUPLICATE_METHOD_MATCH = YES;
				CODE_SIGN_IDENTITY = "iPhone Developer";
				COPY_PHASE_STRIP = NO;
				CURRENT_PROJECT_VERSION = 1;
				DEBUG_INFORMATION_FORMAT = dwarf;
				ENABLE_STRICT_OBJC_MSGSEND = YES;
				ENABLE_TESTABILITY = YES;
				GCC_C_LANGUAGE_STANDARD = gnu11;
				GCC_DYNAMIC_NO_PIC = NO;
				GCC_NO_COMMON_BLOCKS = YES;
				GCC_OPTIMIZATION_LEVEL = 0;
				GCC_PREPROCESSOR_DEFINITIONS = (
					"DEBUG=1",
					"$(inherited)",
				);
				GCC_WARN_64_TO_32_BIT_CONVERSION = YES;
				GCC_WARN_ABOUT_RETURN_TYPE = YES_ERROR;
				GCC_WARN_UNDECLARED_SELECTOR = YES;
				GCC_WARN_UNINITIALIZED_AUTOS = YES_AGGRESSIVE;
				GCC_WARN_UNUSED_FUNCTION = YES;
				GCC_WARN_UNUSED_VARIABLE = YES;
				IPHONEOS_DEPLOYMENT_TARGET = 11.2;
				MTL_ENABLE_DEBUG_INFO = YES;
				ONLY_ACTIVE_ARCH = YES;
				SDKROOT = iphoneos;
				SWIFT_ACTIVE_COMPILATION_CONDITIONS = DEBUG;
				SWIFT_OPTIMIZATION_LEVEL = "-Onone";
				VERSIONING_SYSTEM = "apple-generic";
				VERSION_INFO_PREFIX = "";
			};
			name = Debug;
		};
		8D02317820521832007935B2 /* Release */ = {
			isa = XCBuildConfiguration;
			buildSettings = {
				ALWAYS_SEARCH_USER_PATHS = NO;
				CLANG_ANALYZER_NONNULL = YES;
				CLANG_ANALYZER_NUMBER_OBJECT_CONVERSION = YES_AGGRESSIVE;
				CLANG_CXX_LANGUAGE_STANDARD = "gnu++14";
				CLANG_CXX_LIBRARY = "libc++";
				CLANG_ENABLE_MODULES = YES;
				CLANG_ENABLE_OBJC_ARC = YES;
				CLANG_WARN_BLOCK_CAPTURE_AUTORELEASING = YES;
				CLANG_WARN_BOOL_CONVERSION = YES;
				CLANG_WARN_COMMA = YES;
				CLANG_WARN_CONSTANT_CONVERSION = YES;
				CLANG_WARN_DIRECT_OBJC_ISA_USAGE = YES_ERROR;
				CLANG_WARN_DOCUMENTATION_COMMENTS = YES;
				CLANG_WARN_EMPTY_BODY = YES;
				CLANG_WARN_ENUM_CONVERSION = YES;
				CLANG_WARN_INFINITE_RECURSION = YES;
				CLANG_WARN_INT_CONVERSION = YES;
				CLANG_WARN_NON_LITERAL_NULL_CONVERSION = YES;
				CLANG_WARN_OBJC_LITERAL_CONVERSION = YES;
				CLANG_WARN_OBJC_ROOT_CLASS = YES_ERROR;
				CLANG_WARN_RANGE_LOOP_ANALYSIS = YES;
				CLANG_WARN_STRICT_PROTOTYPES = YES;
				CLANG_WARN_SUSPICIOUS_MOVE = YES;
				CLANG_WARN_UNGUARDED_AVAILABILITY = YES_AGGRESSIVE;
				CLANG_WARN_UNREACHABLE_CODE = YES;
				CLANG_WARN__DUPLICATE_METHOD_MATCH = YES;
				CODE_SIGN_IDENTITY = "iPhone Developer";
				COPY_PHASE_STRIP = NO;
				CURRENT_PROJECT_VERSION = 1;
				DEBUG_INFORMATION_FORMAT = "dwarf-with-dsym";
				ENABLE_NS_ASSERTIONS = NO;
				ENABLE_STRICT_OBJC_MSGSEND = YES;
				GCC_C_LANGUAGE_STANDARD = gnu11;
				GCC_NO_COMMON_BLOCKS = YES;
				GCC_WARN_64_TO_32_BIT_CONVERSION = YES;
				GCC_WARN_ABOUT_RETURN_TYPE = YES_ERROR;
				GCC_WARN_UNDECLARED_SELECTOR = YES;
				GCC_WARN_UNINITIALIZED_AUTOS = YES_AGGRESSIVE;
				GCC_WARN_UNUSED_FUNCTION = YES;
				GCC_WARN_UNUSED_VARIABLE = YES;
				IPHONEOS_DEPLOYMENT_TARGET = 11.2;
				MTL_ENABLE_DEBUG_INFO = NO;
				SDKROOT = iphoneos;
				SWIFT_OPTIMIZATION_LEVEL = "-Owholemodule";
				VALIDATE_PRODUCT = YES;
				VERSIONING_SYSTEM = "apple-generic";
				VERSION_INFO_PREFIX = "";
			};
			name = Release;
		};
		8D02317A20521832007935B2 /* Debug */ = {
			isa = XCBuildConfiguration;
			baseConfigurationReference = 0F81E23CFF6E766FC307013F /* Pods-BTMesh.debug.xcconfig */;
			buildSettings = {
				CLANG_ENABLE_MODULES = YES;
				CODE_SIGN_IDENTITY = "";
				CODE_SIGN_STYLE = Automatic;
				DEFINES_MODULE = YES;
				DEVELOPMENT_TEAM = 254PSF9W29;
				DYLIB_COMPATIBILITY_VERSION = 1;
				DYLIB_CURRENT_VERSION = 1;
				DYLIB_INSTALL_NAME_BASE = "@rpath";
				FRAMEWORK_SEARCH_PATHS = (
					"$(inherited)",
					"$(PROJECT_DIR)/Carthage/Build/iOS",
				);
				INFOPLIST_FILE = BTMesh/Info.plist;
				INSTALL_PATH = "$(LOCAL_LIBRARY_DIR)/Frameworks";
				LD_RUNPATH_SEARCH_PATHS = "$(inherited) @executable_path/Frameworks @loader_path/Frameworks";
				PRODUCT_BUNDLE_IDENTIFIER = com.xraysoft.btmesh.BTMesh;
				PRODUCT_NAME = "$(TARGET_NAME:c99extidentifier)";
				SKIP_INSTALL = YES;
				SWIFT_OPTIMIZATION_LEVEL = "-Onone";
				SWIFT_VERSION = 4.0;
				TARGETED_DEVICE_FAMILY = "1,2";
			};
			name = Debug;
		};
		8D02317B20521832007935B2 /* Release */ = {
			isa = XCBuildConfiguration;
			baseConfigurationReference = E1CC26A64B9352CB8E62E319 /* Pods-BTMesh.release.xcconfig */;
			buildSettings = {
				CLANG_ENABLE_MODULES = YES;
				CODE_SIGN_IDENTITY = "";
				CODE_SIGN_STYLE = Automatic;
				DEFINES_MODULE = YES;
				DEVELOPMENT_TEAM = 254PSF9W29;
				DYLIB_COMPATIBILITY_VERSION = 1;
				DYLIB_CURRENT_VERSION = 1;
				DYLIB_INSTALL_NAME_BASE = "@rpath";
				FRAMEWORK_SEARCH_PATHS = (
					"$(inherited)",
					"$(PROJECT_DIR)/Carthage/Build/iOS",
				);
				INFOPLIST_FILE = BTMesh/Info.plist;
				INSTALL_PATH = "$(LOCAL_LIBRARY_DIR)/Frameworks";
				LD_RUNPATH_SEARCH_PATHS = "$(inherited) @executable_path/Frameworks @loader_path/Frameworks";
				PRODUCT_BUNDLE_IDENTIFIER = com.xraysoft.btmesh.BTMesh;
				PRODUCT_NAME = "$(TARGET_NAME:c99extidentifier)";
				SKIP_INSTALL = YES;
				SWIFT_VERSION = 4.0;
				TARGETED_DEVICE_FAMILY = "1,2";
			};
			name = Release;
		};
		8D02317D20521832007935B2 /* Debug */ = {
			isa = XCBuildConfiguration;
			baseConfigurationReference = 9139663C4020374B29C07D04 /* Pods-BTMeshTests.debug.xcconfig */;
			buildSettings = {
				ALWAYS_EMBED_SWIFT_STANDARD_LIBRARIES = YES;
				CLANG_ENABLE_MODULES = YES;
				CODE_SIGN_STYLE = Automatic;
				DEVELOPMENT_TEAM = 254PSF9W29;
				INFOPLIST_FILE = BTMeshTests/Info.plist;
				LD_RUNPATH_SEARCH_PATHS = "$(inherited) @executable_path/Frameworks @loader_path/Frameworks";
				PRODUCT_BUNDLE_IDENTIFIER = com.xraysoft.btmesh.BTMeshTests;
				PRODUCT_NAME = "$(TARGET_NAME)";
				SWIFT_OBJC_BRIDGING_HEADER = "BTMeshTests/BTMeshTests-Bridging-Header.h";
				SWIFT_OPTIMIZATION_LEVEL = "-Onone";
				SWIFT_VERSION = 4.0;
				TARGETED_DEVICE_FAMILY = "1,2";
			};
			name = Debug;
		};
		8D02317E20521832007935B2 /* Release */ = {
			isa = XCBuildConfiguration;
			baseConfigurationReference = 161EC2FC5CA564F73EC0D0AA /* Pods-BTMeshTests.release.xcconfig */;
			buildSettings = {
				ALWAYS_EMBED_SWIFT_STANDARD_LIBRARIES = YES;
				CLANG_ENABLE_MODULES = YES;
				CODE_SIGN_STYLE = Automatic;
				DEVELOPMENT_TEAM = 254PSF9W29;
				INFOPLIST_FILE = BTMeshTests/Info.plist;
				LD_RUNPATH_SEARCH_PATHS = "$(inherited) @executable_path/Frameworks @loader_path/Frameworks";
				PRODUCT_BUNDLE_IDENTIFIER = com.xraysoft.btmesh.BTMeshTests;
				PRODUCT_NAME = "$(TARGET_NAME)";
				SWIFT_OBJC_BRIDGING_HEADER = "BTMeshTests/BTMeshTests-Bridging-Header.h";
				SWIFT_VERSION = 4.0;
				TARGETED_DEVICE_FAMILY = "1,2";
			};
			name = Release;
		};
/* End XCBuildConfiguration section */

/* Begin XCConfigurationList section */
		8D02315F20521832007935B2 /* Build configuration list for PBXProject "BTMesh" */ = {
			isa = XCConfigurationList;
			buildConfigurations = (
				8D02317720521832007935B2 /* Debug */,
				8D02317820521832007935B2 /* Release */,
			);
			defaultConfigurationIsVisible = 0;
			defaultConfigurationName = Release;
		};
		8D02317920521832007935B2 /* Build configuration list for PBXNativeTarget "BTMesh" */ = {
			isa = XCConfigurationList;
			buildConfigurations = (
				8D02317A20521832007935B2 /* Debug */,
				8D02317B20521832007935B2 /* Release */,
			);
			defaultConfigurationIsVisible = 0;
			defaultConfigurationName = Release;
		};
		8D02317C20521832007935B2 /* Build configuration list for PBXNativeTarget "BTMeshTests" */ = {
			isa = XCConfigurationList;
			buildConfigurations = (
				8D02317D20521832007935B2 /* Debug */,
				8D02317E20521832007935B2 /* Release */,
			);
			defaultConfigurationIsVisible = 0;
			defaultConfigurationName = Release;
		};
/* End XCConfigurationList section */
	};
	rootObject = 8D02315C20521832007935B2 /* Project object */;
}
