// !$*UTF8*$!
{
	archiveVersion = 1;
	classes = {
	};
	objectVersion = 48;
	objects = {

/* Begin PBXBuildFile section */
		8D02319B2052191E007935B2 /* AppDelegate.swift in Sources */ = {isa = PBXBuildFile; fileRef = 8D02319A2052191E007935B2 /* AppDelegate.swift */; };
		8D02319D2052191E007935B2 /* ViewController.swift in Sources */ = {isa = PBXBuildFile; fileRef = 8D02319C2052191E007935B2 /* ViewController.swift */; };
		8D0231A02052191E007935B2 /* Main.storyboard in Resources */ = {isa = PBXBuildFile; fileRef = 8D02319E2052191E007935B2 /* Main.storyboard */; };
		8D0231A22052191E007935B2 /* Assets.xcassets in Resources */ = {isa = PBXBuildFile; fileRef = 8D0231A12052191E007935B2 /* Assets.xcassets */; };
		8D0231A52052191E007935B2 /* LaunchScreen.storyboard in Resources */ = {isa = PBXBuildFile; fileRef = 8D0231A32052191E007935B2 /* LaunchScreen.storyboard */; };
		8D0231B02052191E007935B2 /* BTMeshDemoTests.swift in Sources */ = {isa = PBXBuildFile; fileRef = 8D0231AF2052191E007935B2 /* BTMeshDemoTests.swift */; };
		8D0231BB2052191E007935B2 /* BTMeshDemoUITests.swift in Sources */ = {isa = PBXBuildFile; fileRef = 8D0231BA2052191E007935B2 /* BTMeshDemoUITests.swift */; };
/* End PBXBuildFile section */

/* Begin PBXContainerItemProxy section */
		8D0231AC2052191E007935B2 /* PBXContainerItemProxy */ = {
			isa = PBXContainerItemProxy;
			containerPortal = 8D02318F2052191E007935B2 /* Project object */;
			proxyType = 1;
			remoteGlobalIDString = 8D0231962052191E007935B2;
			remoteInfo = BTMeshDemo;
		};
		8D0231B72052191E007935B2 /* PBXContainerItemProxy */ = {
			isa = PBXContainerItemProxy;
			containerPortal = 8D02318F2052191E007935B2 /* Project object */;
			proxyType = 1;
			remoteGlobalIDString = 8D0231962052191E007935B2;
			remoteInfo = BTMeshDemo;
		};
/* End PBXContainerItemProxy section */

/* Begin PBXFileReference section */
		8D0231972052191E007935B2 /* BTMeshDemo.app */ = {isa = PBXFileReference; explicitFileType = wrapper.application; includeInIndex = 0; path = BTMeshDemo.app; sourceTree = BUILT_PRODUCTS_DIR; };
		8D02319A2052191E007935B2 /* AppDelegate.swift */ = {isa = PBXFileReference; lastKnownFileType = sourcecode.swift; path = AppDelegate.swift; sourceTree = "<group>"; };
		8D02319C2052191E007935B2 /* ViewController.swift */ = {isa = PBXFileReference; lastKnownFileType = sourcecode.swift; path = ViewController.swift; sourceTree = "<group>"; };
		8D02319F2052191E007935B2 /* Base */ = {isa = PBXFileReference; lastKnownFileType = file.storyboard; name = Base; path = Base.lproj/Main.storyboard; sourceTree = "<group>"; };
		8D0231A12052191E007935B2 /* Assets.xcassets */ = {isa = PBXFileReference; lastKnownFileType = folder.assetcatalog; path = Assets.xcassets; sourceTree = "<group>"; };
		8D0231A42052191E007935B2 /* Base */ = {isa = PBXFileReference; lastKnownFileType = file.storyboard; name = Base; path = Base.lproj/LaunchScreen.storyboard; sourceTree = "<group>"; };
		8D0231A62052191E007935B2 /* Info.plist */ = {isa = PBXFileReference; lastKnownFileType = text.plist.xml; path = Info.plist; sourceTree = "<group>"; };
		8D0231AB2052191E007935B2 /* BTMeshDemoTests.xctest */ = {isa = PBXFileReference; explicitFileType = wrapper.cfbundle; includeInIndex = 0; path = BTMeshDemoTests.xctest; sourceTree = BUILT_PRODUCTS_DIR; };
		8D0231AF2052191E007935B2 /* BTMeshDemoTests.swift */ = {isa = PBXFileReference; lastKnownFileType = sourcecode.swift; path = BTMeshDemoTests.swift; sourceTree = "<group>"; };
		8D0231B12052191E007935B2 /* Info.plist */ = {isa = PBXFileReference; lastKnownFileType = text.plist.xml; path = Info.plist; sourceTree = "<group>"; };
		8D0231B62052191E007935B2 /* BTMeshDemoUITests.xctest */ = {isa = PBXFileReference; explicitFileType = wrapper.cfbundle; includeInIndex = 0; path = BTMeshDemoUITests.xctest; sourceTree = BUILT_PRODUCTS_DIR; };
		8D0231BA2052191E007935B2 /* BTMeshDemoUITests.swift */ = {isa = PBXFileReference; lastKnownFileType = sourcecode.swift; path = BTMeshDemoUITests.swift; sourceTree = "<group>"; };
		8D0231BC2052191E007935B2 /* Info.plist */ = {isa = PBXFileReference; lastKnownFileType = text.plist.xml; path = Info.plist; sourceTree = "<group>"; };
/* End PBXFileReference section */

/* Begin PBXFrameworksBuildPhase section */
		8D0231942052191E007935B2 /* Frameworks */ = {
			isa = PBXFrameworksBuildPhase;
			buildActionMask = 2147483647;
			files = (
			);
			runOnlyForDeploymentPostprocessing = 0;
		};
		8D0231A82052191E007935B2 /* Frameworks */ = {
			isa = PBXFrameworksBuildPhase;
			buildActionMask = 2147483647;
			files = (
			);
			runOnlyForDeploymentPostprocessing = 0;
		};
		8D0231B32052191E007935B2 /* Frameworks */ = {
			isa = PBXFrameworksBuildPhase;
			buildActionMask = 2147483647;
			files = (
			);
			runOnlyForDeploymentPostprocessing = 0;
		};
/* End PBXFrameworksBuildPhase section */

/* Begin PBXGroup section */
		8D02318E2052191E007935B2 = {
			isa = PBXGroup;
			children = (
				8D0231992052191E007935B2 /* BTMeshDemo */,
				8D0231AE2052191E007935B2 /* BTMeshDemoTests */,
				8D0231B92052191E007935B2 /* BTMeshDemoUITests */,
				8D0231982052191E007935B2 /* Products */,
			);
			sourceTree = "<group>";
		};
		8D0231982052191E007935B2 /* Products */ = {
			isa = PBXGroup;
			children = (
				8D0231972052191E007935B2 /* BTMeshDemo.app */,
				8D0231AB2052191E007935B2 /* BTMeshDemoTests.xctest */,
				8D0231B62052191E007935B2 /* BTMeshDemoUITests.xctest */,
			);
			name = Products;
			sourceTree = "<group>";
		};
		8D0231992052191E007935B2 /* BTMeshDemo */ = {
			isa = PBXGroup;
			children = (
				8D02319A2052191E007935B2 /* AppDelegate.swift */,
				8D02319C2052191E007935B2 /* ViewController.swift */,
				8D02319E2052191E007935B2 /* Main.storyboard */,
				8D0231A12052191E007935B2 /* Assets.xcassets */,
				8D0231A32052191E007935B2 /* LaunchScreen.storyboard */,
				8D0231A62052191E007935B2 /* Info.plist */,
			);
			path = BTMeshDemo;
			sourceTree = "<group>";
		};
		8D0231AE2052191E007935B2 /* BTMeshDemoTests */ = {
			isa = PBXGroup;
			children = (
				8D0231AF2052191E007935B2 /* BTMeshDemoTests.swift */,
				8D0231B12052191E007935B2 /* Info.plist */,
			);
			path = BTMeshDemoTests;
			sourceTree = "<group>";
		};
		8D0231B92052191E007935B2 /* BTMeshDemoUITests */ = {
			isa = PBXGroup;
			children = (
				8D0231BA2052191E007935B2 /* BTMeshDemoUITests.swift */,
				8D0231BC2052191E007935B2 /* Info.plist */,
			);
			path = BTMeshDemoUITests;
			sourceTree = "<group>";
		};
/* End PBXGroup section */

/* Begin PBXNativeTarget section */
		8D0231962052191E007935B2 /* BTMeshDemo */ = {
			isa = PBXNativeTarget;
			buildConfigurationList = 8D0231BF2052191E007935B2 /* Build configuration list for PBXNativeTarget "BTMeshDemo" */;
			buildPhases = (
				8D0231932052191E007935B2 /* Sources */,
				8D0231942052191E007935B2 /* Frameworks */,
				8D0231952052191E007935B2 /* Resources */,
			);
			buildRules = (
			);
			dependencies = (
			);
			name = BTMeshDemo;
			productName = BTMeshDemo;
			productReference = 8D0231972052191E007935B2 /* BTMeshDemo.app */;
			productType = "com.apple.product-type.application";
		};
		8D0231AA2052191E007935B2 /* BTMeshDemoTests */ = {
			isa = PBXNativeTarget;
			buildConfigurationList = 8D0231C22052191E007935B2 /* Build configuration list for PBXNativeTarget "BTMeshDemoTests" */;
			buildPhases = (
				8D0231A72052191E007935B2 /* Sources */,
				8D0231A82052191E007935B2 /* Frameworks */,
				8D0231A92052191E007935B2 /* Resources */,
			);
			buildRules = (
			);
			dependencies = (
				8D0231AD2052191E007935B2 /* PBXTargetDependency */,
			);
			name = BTMeshDemoTests;
			productName = BTMeshDemoTests;
			productReference = 8D0231AB2052191E007935B2 /* BTMeshDemoTests.xctest */;
			productType = "com.apple.product-type.bundle.unit-test";
		};
		8D0231B52052191E007935B2 /* BTMeshDemoUITests */ = {
			isa = PBXNativeTarget;
			buildConfigurationList = 8D0231C52052191E007935B2 /* Build configuration list for PBXNativeTarget "BTMeshDemoUITests" */;
			buildPhases = (
				8D0231B22052191E007935B2 /* Sources */,
				8D0231B32052191E007935B2 /* Frameworks */,
				8D0231B42052191E007935B2 /* Resources */,
			);
			buildRules = (
			);
			dependencies = (
				8D0231B82052191E007935B2 /* PBXTargetDependency */,
			);
			name = BTMeshDemoUITests;
			productName = BTMeshDemoUITests;
			productReference = 8D0231B62052191E007935B2 /* BTMeshDemoUITests.xctest */;
			productType = "com.apple.product-type.bundle.ui-testing";
		};
/* End PBXNativeTarget section */

/* Begin PBXProject section */
		8D02318F2052191E007935B2 /* Project object */ = {
			isa = PBXProject;
			attributes = {
				LastSwiftUpdateCheck = 0920;
				LastUpgradeCheck = 0920;
				ORGANIZATIONNAME = "Marcos Borges";
				TargetAttributes = {
					8D0231962052191E007935B2 = {
						CreatedOnToolsVersion = 9.2;
						ProvisioningStyle = Automatic;
					};
					8D0231AA2052191E007935B2 = {
						CreatedOnToolsVersion = 9.2;
						ProvisioningStyle = Automatic;
						TestTargetID = 8D0231962052191E007935B2;
					};
					8D0231B52052191E007935B2 = {
						CreatedOnToolsVersion = 9.2;
						ProvisioningStyle = Automatic;
						TestTargetID = 8D0231962052191E007935B2;
					};
				};
			};
			buildConfigurationList = 8D0231922052191E007935B2 /* Build configuration list for PBXProject "BTMeshDemo" */;
			compatibilityVersion = "Xcode 8.0";
			developmentRegion = en;
			hasScannedForEncodings = 0;
			knownRegions = (
				en,
				Base,
			);
			mainGroup = 8D02318E2052191E007935B2;
			productRefGroup = 8D0231982052191E007935B2 /* Products */;
			projectDirPath = "";
			projectRoot = "";
			targets = (
				8D0231962052191E007935B2 /* BTMeshDemo */,
				8D0231AA2052191E007935B2 /* BTMeshDemoTests */,
				8D0231B52052191E007935B2 /* BTMeshDemoUITests */,
			);
		};
/* End PBXProject section */

/* Begin PBXResourcesBuildPhase section */
		8D0231952052191E007935B2 /* Resources */ = {
			isa = PBXResourcesBuildPhase;
			buildActionMask = 2147483647;
			files = (
				8D0231A52052191E007935B2 /* LaunchScreen.storyboard in Resources */,
				8D0231A22052191E007935B2 /* Assets.xcassets in Resources */,
				8D0231A02052191E007935B2 /* Main.storyboard in Resources */,
			);
			runOnlyForDeploymentPostprocessing = 0;
		};
		8D0231A92052191E007935B2 /* Resources */ = {
			isa = PBXResourcesBuildPhase;
			buildActionMask = 2147483647;
			files = (
			);
			runOnlyForDeploymentPostprocessing = 0;
		};
		8D0231B42052191E007935B2 /* Resources */ = {
			isa = PBXResourcesBuildPhase;
			buildActionMask = 2147483647;
			files = (
			);
			runOnlyForDeploymentPostprocessing = 0;
		};
/* End PBXResourcesBuildPhase section */

/* Begin PBXSourcesBuildPhase section */
		8D0231932052191E007935B2 /* Sources */ = {
			isa = PBXSourcesBuildPhase;
			buildActionMask = 2147483647;
			files = (
				8D02319D2052191E007935B2 /* ViewController.swift in Sources */,
				8D02319B2052191E007935B2 /* AppDelegate.swift in Sources */,
			);
			runOnlyForDeploymentPostprocessing = 0;
		};
		8D0231A72052191E007935B2 /* Sources */ = {
			isa = PBXSourcesBuildPhase;
			buildActionMask = 2147483647;
			files = (
				8D0231B02052191E007935B2 /* BTMeshDemoTests.swift in Sources */,
			);
			runOnlyForDeploymentPostprocessing = 0;
		};
		8D0231B22052191E007935B2 /* Sources */ = {
			isa = PBXSourcesBuildPhase;
			buildActionMask = 2147483647;
			files = (
				8D0231BB2052191E007935B2 /* BTMeshDemoUITests.swift in Sources */,
			);
			runOnlyForDeploymentPostprocessing = 0;
		};
/* End PBXSourcesBuildPhase section */

/* Begin PBXTargetDependency section */
		8D0231AD2052191E007935B2 /* PBXTargetDependency */ = {
			isa = PBXTargetDependency;
			target = 8D0231962052191E007935B2 /* BTMeshDemo */;
			targetProxy = 8D0231AC2052191E007935B2 /* PBXContainerItemProxy */;
		};
		8D0231B82052191E007935B2 /* PBXTargetDependency */ = {
			isa = PBXTargetDependency;
			target = 8D0231962052191E007935B2 /* BTMeshDemo */;
			targetProxy = 8D0231B72052191E007935B2 /* PBXContainerItemProxy */;
		};
/* End PBXTargetDependency section */

/* Begin PBXVariantGroup section */
		8D02319E2052191E007935B2 /* Main.storyboard */ = {
			isa = PBXVariantGroup;
			children = (
				8D02319F2052191E007935B2 /* Base */,
			);
			name = Main.storyboard;
			sourceTree = "<group>";
		};
		8D0231A32052191E007935B2 /* LaunchScreen.storyboard */ = {
			isa = PBXVariantGroup;
			children = (
				8D0231A42052191E007935B2 /* Base */,
			);
			name = LaunchScreen.storyboard;
			sourceTree = "<group>";
		};
/* End PBXVariantGroup section */

/* Begin XCBuildConfiguration section */
		8D0231BD2052191E007935B2 /* Debug */ = {
			isa = XCBuildConfiguration;
			buildSettings = {
				ALWAYS_SEARCH_USER_PATHS = NO;
				CLANG_ANALYZER_NONNULL = YES;
				CLANG_ANALYZER_NUMBER_OBJECT_CONVERSION = YES_AGGRESSIVE;
				CLANG_CXX_LANGUAGE_STANDARD = "gnu++14";
				CLANG_CXX_LIBRARY = "libc++";
				CLANG_ENABLE_MODULES = YES;
				CLANG_ENABLE_OBJC_ARC = YES;
				CLANG_WARN_BLOCK_CAPTURE_AUTORELEASING = YES;
				CLANG_WARN_BOOL_CONVERSION = YES;
				CLANG_WARN_COMMA = YES;
				CLANG_WARN_CONSTANT_CONVERSION = YES;
				CLANG_WARN_DIRECT_OBJC_ISA_USAGE = YES_ERROR;
				CLANG_WARN_DOCUMENTATION_COMMENTS = YES;
				CLANG_WARN_EMPTY_BODY = YES;
				CLANG_WARN_ENUM_CONVERSION = YES;
				CLANG_WARN_INFINITE_RECURSION = YES;
				CLANG_WARN_INT_CONVERSION = YES;
				CLANG_WARN_NON_LITERAL_NULL_CONVERSION = YES;
				CLANG_WARN_OBJC_LITERAL_CONVERSION = YES;
				CLANG_WARN_OBJC_ROOT_CLASS = YES_ERROR;
				CLANG_WARN_RANGE_LOOP_ANALYSIS = YES;
				CLANG_WARN_STRICT_PROTOTYPES = YES;
				CLANG_WARN_SUSPICIOUS_MOVE = YES;
				CLANG_WARN_UNGUARDED_AVAILABILITY = YES_AGGRESSIVE;
				CLANG_WARN_UNREACHABLE_CODE = YES;
				CLANG_WARN__DUPLICATE_METHOD_MATCH = YES;
				CODE_SIGN_IDENTITY = "iPhone Developer";
				COPY_PHASE_STRIP = NO;
				DEBUG_INFORMATION_FORMAT = dwarf;
				ENABLE_STRICT_OBJC_MSGSEND = YES;
				ENABLE_TESTABILITY = YES;
				GCC_C_LANGUAGE_STANDARD = gnu11;
				GCC_DYNAMIC_NO_PIC = NO;
				GCC_NO_COMMON_BLOCKS = YES;
				GCC_OPTIMIZATION_LEVEL = 0;
				GCC_PREPROCESSOR_DEFINITIONS = (
					"DEBUG=1",
					"$(inherited)",
				);
				GCC_WARN_64_TO_32_BIT_CONVERSION = YES;
				GCC_WARN_ABOUT_RETURN_TYPE = YES_ERROR;
				GCC_WARN_UNDECLARED_SELECTOR = YES;
				GCC_WARN_UNINITIALIZED_AUTOS = YES_AGGRESSIVE;
				GCC_WARN_UNUSED_FUNCTION = YES;
				GCC_WARN_UNUSED_VARIABLE = YES;
				IPHONEOS_DEPLOYMENT_TARGET = 11.2;
				MTL_ENABLE_DEBUG_INFO = YES;
				ONLY_ACTIVE_ARCH = YES;
				SDKROOT = iphoneos;
				SWIFT_ACTIVE_COMPILATION_CONDITIONS = DEBUG;
				SWIFT_OPTIMIZATION_LEVEL = "-Onone";
			};
			name = Debug;
		};
		8D0231BE2052191E007935B2 /* Release */ = {
			isa = XCBuildConfiguration;
			buildSettings = {
				ALWAYS_SEARCH_USER_PATHS = NO;
				CLANG_ANALYZER_NONNULL = YES;
				CLANG_ANALYZER_NUMBER_OBJECT_CONVERSION = YES_AGGRESSIVE;
				CLANG_CXX_LANGUAGE_STANDARD = "gnu++14";
				CLANG_CXX_LIBRARY = "libc++";
				CLANG_ENABLE_MODULES = YES;
				CLANG_ENABLE_OBJC_ARC = YES;
				CLANG_WARN_BLOCK_CAPTURE_AUTORELEASING = YES;
				CLANG_WARN_BOOL_CONVERSION = YES;
				CLANG_WARN_COMMA = YES;
				CLANG_WARN_CONSTANT_CONVERSION = YES;
				CLANG_WARN_DIRECT_OBJC_ISA_USAGE = YES_ERROR;
				CLANG_WARN_DOCUMENTATION_COMMENTS = YES;
				CLANG_WARN_EMPTY_BODY = YES;
				CLANG_WARN_ENUM_CONVERSION = YES;
				CLANG_WARN_INFINITE_RECURSION = YES;
				CLANG_WARN_INT_CONVERSION = YES;
				CLANG_WARN_NON_LITERAL_NULL_CONVERSION = YES;
				CLANG_WARN_OBJC_LITERAL_CONVERSION = YES;
				CLANG_WARN_OBJC_ROOT_CLASS = YES_ERROR;
				CLANG_WARN_RANGE_LOOP_ANALYSIS = YES;
				CLANG_WARN_STRICT_PROTOTYPES = YES;
				CLANG_WARN_SUSPICIOUS_MOVE = YES;
				CLANG_WARN_UNGUARDED_AVAILABILITY = YES_AGGRESSIVE;
				CLANG_WARN_UNREACHABLE_CODE = YES;
				CLANG_WARN__DUPLICATE_METHOD_MATCH = YES;
				CODE_SIGN_IDENTITY = "iPhone Developer";
				COPY_PHASE_STRIP = NO;
				DEBUG_INFORMATION_FORMAT = "dwarf-with-dsym";
				ENABLE_NS_ASSERTIONS = NO;
				ENABLE_STRICT_OBJC_MSGSEND = YES;
				GCC_C_LANGUAGE_STANDARD = gnu11;
				GCC_NO_COMMON_BLOCKS = YES;
				GCC_WARN_64_TO_32_BIT_CONVERSION = YES;
				GCC_WARN_ABOUT_RETURN_TYPE = YES_ERROR;
				GCC_WARN_UNDECLARED_SELECTOR = YES;
				GCC_WARN_UNINITIALIZED_AUTOS = YES_AGGRESSIVE;
				GCC_WARN_UNUSED_FUNCTION = YES;
				GCC_WARN_UNUSED_VARIABLE = YES;
				IPHONEOS_DEPLOYMENT_TARGET = 11.2;
				MTL_ENABLE_DEBUG_INFO = NO;
				SDKROOT = iphoneos;
				SWIFT_OPTIMIZATION_LEVEL = "-Owholemodule";
				VALIDATE_PRODUCT = YES;
			};
			name = Release;
		};
		8D0231C02052191E007935B2 /* Debug */ = {
			isa = XCBuildConfiguration;
			buildSettings = {
				ASSETCATALOG_COMPILER_APPICON_NAME = AppIcon;
				CODE_SIGN_STYLE = Automatic;
				DEVELOPMENT_TEAM = 254PSF9W29;
				INFOPLIST_FILE = BTMeshDemo/Info.plist;
				LD_RUNPATH_SEARCH_PATHS = "$(inherited) @executable_path/Frameworks";
				PRODUCT_BUNDLE_IDENTIFIER = com.xraysoft.btmesh.demo.BTMeshDemo;
				PRODUCT_NAME = "$(TARGET_NAME)";
				SWIFT_VERSION = 4.0;
				TARGETED_DEVICE_FAMILY = "1,2";
			};
			name = Debug;
		};
		8D0231C12052191E007935B2 /* Release */ = {
			isa = XCBuildConfiguration;
			buildSettings = {
				ASSETCATALOG_COMPILER_APPICON_NAME = AppIcon;
				CODE_SIGN_STYLE = Automatic;
				DEVELOPMENT_TEAM = 254PSF9W29;
				INFOPLIST_FILE = BTMeshDemo/Info.plist;
				LD_RUNPATH_SEARCH_PATHS = "$(inherited) @executable_path/Frameworks";
				PRODUCT_BUNDLE_IDENTIFIER = com.xraysoft.btmesh.demo.BTMeshDemo;
				PRODUCT_NAME = "$(TARGET_NAME)";
				SWIFT_VERSION = 4.0;
				TARGETED_DEVICE_FAMILY = "1,2";
			};
			name = Release;
		};
		8D0231C32052191E007935B2 /* Debug */ = {
			isa = XCBuildConfiguration;
			buildSettings = {
				ALWAYS_EMBED_SWIFT_STANDARD_LIBRARIES = YES;
				BUNDLE_LOADER = "$(TEST_HOST)";
				CODE_SIGN_STYLE = Automatic;
				DEVELOPMENT_TEAM = 254PSF9W29;
				INFOPLIST_FILE = BTMeshDemoTests/Info.plist;
				LD_RUNPATH_SEARCH_PATHS = "$(inherited) @executable_path/Frameworks @loader_path/Frameworks";
				PRODUCT_BUNDLE_IDENTIFIER = com.xraysoft.btmesh.demo.BTMeshDemoTests;
				PRODUCT_NAME = "$(TARGET_NAME)";
				SWIFT_VERSION = 4.0;
				TARGETED_DEVICE_FAMILY = "1,2";
				TEST_HOST = "$(BUILT_PRODUCTS_DIR)/BTMeshDemo.app/BTMeshDemo";
			};
			name = Debug;
		};
		8D0231C42052191E007935B2 /* Release */ = {
			isa = XCBuildConfiguration;
			buildSettings = {
				ALWAYS_EMBED_SWIFT_STANDARD_LIBRARIES = YES;
				BUNDLE_LOADER = "$(TEST_HOST)";
				CODE_SIGN_STYLE = Automatic;
				DEVELOPMENT_TEAM = 254PSF9W29;
				INFOPLIST_FILE = BTMeshDemoTests/Info.plist;
				LD_RUNPATH_SEARCH_PATHS = "$(inherited) @executable_path/Frameworks @loader_path/Frameworks";
				PRODUCT_BUNDLE_IDENTIFIER = com.xraysoft.btmesh.demo.BTMeshDemoTests;
				PRODUCT_NAME = "$(TARGET_NAME)";
				SWIFT_VERSION = 4.0;
				TARGETED_DEVICE_FAMILY = "1,2";
				TEST_HOST = "$(BUILT_PRODUCTS_DIR)/BTMeshDemo.app/BTMeshDemo";
			};
			name = Release;
		};
		8D0231C62052191E007935B2 /* Debug */ = {
			isa = XCBuildConfiguration;
			buildSettings = {
				ALWAYS_EMBED_SWIFT_STANDARD_LIBRARIES = YES;
				CODE_SIGN_STYLE = Automatic;
				DEVELOPMENT_TEAM = 254PSF9W29;
				INFOPLIST_FILE = BTMeshDemoUITests/Info.plist;
				LD_RUNPATH_SEARCH_PATHS = "$(inherited) @executable_path/Frameworks @loader_path/Frameworks";
				PRODUCT_BUNDLE_IDENTIFIER = com.xraysoft.btmesh.demo.BTMeshDemoUITests;
				PRODUCT_NAME = "$(TARGET_NAME)";
				SWIFT_VERSION = 4.0;
				TARGETED_DEVICE_FAMILY = "1,2";
				TEST_TARGET_NAME = BTMeshDemo;
			};
			name = Debug;
		};
		8D0231C72052191E007935B2 /* Release */ = {
			isa = XCBuildConfiguration;
			buildSettings = {
				ALWAYS_EMBED_SWIFT_STANDARD_LIBRARIES = YES;
				CODE_SIGN_STYLE = Automatic;
				DEVELOPMENT_TEAM = 254PSF9W29;
				INFOPLIST_FILE = BTMeshDemoUITests/Info.plist;
				LD_RUNPATH_SEARCH_PATHS = "$(inherited) @executable_path/Frameworks @loader_path/Frameworks";
				PRODUCT_BUNDLE_IDENTIFIER = com.xraysoft.btmesh.demo.BTMeshDemoUITests;
				PRODUCT_NAME = "$(TARGET_NAME)";
				SWIFT_VERSION = 4.0;
				TARGETED_DEVICE_FAMILY = "1,2";
				TEST_TARGET_NAME = BTMeshDemo;
			};
			name = Release;
		};
/* End XCBuildConfiguration section */

/* Begin XCConfigurationList section */
		8D0231922052191E007935B2 /* Build configuration list for PBXProject "BTMeshDemo" */ = {
			isa = XCConfigurationList;
			buildConfigurations = (
				8D0231BD2052191E007935B2 /* Debug */,
				8D0231BE2052191E007935B2 /* Release */,
			);
			defaultConfigurationIsVisible = 0;
			defaultConfigurationName = Release;
		};
		8D0231BF2052191E007935B2 /* Build configuration list for PBXNativeTarget "BTMeshDemo" */ = {
			isa = XCConfigurationList;
			buildConfigurations = (
				8D0231C02052191E007935B2 /* Debug */,
				8D0231C12052191E007935B2 /* Release */,
			);
			defaultConfigurationIsVisible = 0;
			defaultConfigurationName = Release;
		};
		8D0231C22052191E007935B2 /* Build configuration list for PBXNativeTarget "BTMeshDemoTests" */ = {
			isa = XCConfigurationList;
			buildConfigurations = (
				8D0231C32052191E007935B2 /* Debug */,
				8D0231C42052191E007935B2 /* Release */,
			);
			defaultConfigurationIsVisible = 0;
			defaultConfigurationName = Release;
		};
		8D0231C52052191E007935B2 /* Build configuration list for PBXNativeTarget "BTMeshDemoUITests" */ = {
			isa = XCConfigurationList;
			buildConfigurations = (
				8D0231C62052191E007935B2 /* Debug */,
				8D0231C72052191E007935B2 /* Release */,
			);
			defaultConfigurationIsVisible = 0;
			defaultConfigurationName = Release;
		};
/* End XCConfigurationList section */
	};
	rootObject = 8D02318F2052191E007935B2 /* Project object */;
}
